// !$*UTF8*$!
{
	archiveVersion = 1;
	classes = {
	};
	objectVersion = 51;
	objects = {

/* Begin PBXAggregateTarget section */
		C267FFB4229AB3F1004BC1EE /* Localization */ = {
			isa = PBXAggregateTarget;
			buildConfigurationList = C267FFB5229AB3F1004BC1EE /* Build configuration list for PBXAggregateTarget "Localization" */;
			buildPhases = (
				C267FFB9229AB40A004BC1EE /* ShellScript */,
			);
			dependencies = (
			);
			name = Localization;
			productName = Localization;
		};
/* End PBXAggregateTarget section */

/* Begin PBXBuildFile section */
		1CD77DADF868C089F1AD1BA0 /* Pods_moviego_ios.framework in Frameworks */ = {isa = PBXBuildFile; fileRef = 300592F8A601A1E85853C83F /* Pods_moviego_ios.framework */; };
		C209A6A122A72122003368E7 /* PromotionAnnotationView.swift in Sources */ = {isa = PBXBuildFile; fileRef = C209A6A022A72122003368E7 /* PromotionAnnotationView.swift */; };
		C209A6A322A7BA2E003368E7 /* PromotionViewController.swift in Sources */ = {isa = PBXBuildFile; fileRef = C209A6A222A7BA2E003368E7 /* PromotionViewController.swift */; };
		C212BC45224FBB2000C624A7 /* AppDelegate.swift in Sources */ = {isa = PBXBuildFile; fileRef = C212BC44224FBB2000C624A7 /* AppDelegate.swift */; };
		C212BC47224FBB2000C624A7 /* ViewController.swift in Sources */ = {isa = PBXBuildFile; fileRef = C212BC46224FBB2000C624A7 /* ViewController.swift */; };
		C212BC4C224FBB2200C624A7 /* Images.xcassets in Resources */ = {isa = PBXBuildFile; fileRef = C212BC4B224FBB2200C624A7 /* Images.xcassets */; };
		C212BC70224FC4C100C624A7 /* UnitTests.swift in Sources */ = {isa = PBXBuildFile; fileRef = C212BC6F224FC4C100C624A7 /* UnitTests.swift */; };
		C212BC7C224FD13700C624A7 /* Cartfile in Resources */ = {isa = PBXBuildFile; fileRef = C212BC7B224FD13700C624A7 /* Cartfile */; };
		C212BC82224FD1E700C624A7 /* Podfile in Resources */ = {isa = PBXBuildFile; fileRef = C212BC81224FD1E700C624A7 /* Podfile */; };
		C212BC84224FD20300C624A7 /* Gemfile in Resources */ = {isa = PBXBuildFile; fileRef = C212BC83224FD20300C624A7 /* Gemfile */; };
		C212BC87224FE6F700C624A7 /* Base.lproj in Resources */ = {isa = PBXBuildFile; fileRef = C212BC86224FE6F700C624A7 /* Base.lproj */; };
		C212BC8E224FEB5200C624A7 /* generate_preprocess_header.sh in Resources */ = {isa = PBXBuildFile; fileRef = C212BC8D224FEB5200C624A7 /* generate_preprocess_header.sh */; };
		C212BC9E225002D500C624A7 /* Alamofire.framework in Frameworks */ = {isa = PBXBuildFile; fileRef = C212BC9C225002D500C624A7 /* Alamofire.framework */; };
		C212BC9F225002D500C624A7 /* SnapKit.framework in Frameworks */ = {isa = PBXBuildFile; fileRef = C212BC9D225002D500C624A7 /* SnapKit.framework */; };
		C212BCA7225023FB00C624A7 /* Assets.swift in Sources */ = {isa = PBXBuildFile; fileRef = C212BCA6225023FB00C624A7 /* Assets.swift */; };
		C212BCA9225024D400C624A7 /* Environment.swift in Sources */ = {isa = PBXBuildFile; fileRef = C212BCA8225024D400C624A7 /* Environment.swift */; };
		C212BCAB2250325C00C624A7 /* LocalizedStrings.swift in Sources */ = {isa = PBXBuildFile; fileRef = C212BCAA2250325C00C624A7 /* LocalizedStrings.swift */; };
		C212BCBE2250475E00C624A7 /* RxSwift.framework in Frameworks */ = {isa = PBXBuildFile; fileRef = C212BCBC2250475E00C624A7 /* RxSwift.framework */; };
		C212BCBF2250475E00C624A7 /* RxCocoa.framework in Frameworks */ = {isa = PBXBuildFile; fileRef = C212BCBD2250475E00C624A7 /* RxCocoa.framework */; };
		C212BCD02250D81F00C624A7 /* ModelDependency.swift in Sources */ = {isa = PBXBuildFile; fileRef = C212BCCF2250D81F00C624A7 /* ModelDependency.swift */; };
		C212BCD22250DB9E00C624A7 /* ViewModelFactories.swift in Sources */ = {isa = PBXBuildFile; fileRef = C212BCD12250DB9E00C624A7 /* ViewModelFactories.swift */; };
		C212BCD62250E98D00C624A7 /* RxSwiftExt.framework in Frameworks */ = {isa = PBXBuildFile; fileRef = C212BCD52250E98D00C624A7 /* RxSwiftExt.framework */; };
		C212BCD922511AF000C624A7 /* BaseTableViewCell.swift in Sources */ = {isa = PBXBuildFile; fileRef = C212BCD822511AF000C624A7 /* BaseTableViewCell.swift */; };
		C212BCDB2251247100C624A7 /* Reqres.framework in Frameworks */ = {isa = PBXBuildFile; fileRef = C212BCDA2251247100C624A7 /* Reqres.framework */; };
		C212BCDE225126FA00C624A7 /* RxAlamofire.framework in Frameworks */ = {isa = PBXBuildFile; fileRef = C212BCDD225126FA00C624A7 /* RxAlamofire.framework */; };
		C212BCE022512CBF00C624A7 /* Network.swift in Sources */ = {isa = PBXBuildFile; fileRef = C212BCDF22512CBF00C624A7 /* Network.swift */; };
		C212BCE222512EC800C624A7 /* ApiInteractor.swift in Sources */ = {isa = PBXBuildFile; fileRef = C212BCE122512EC800C624A7 /* ApiInteractor.swift */; };
		C212BCE72251371B00C624A7 /* RxAtomic.framework in Frameworks */ = {isa = PBXBuildFile; fileRef = C212BCE62251371B00C624A7 /* RxAtomic.framework */; };
		C212BCEC225151AC00C624A7 /* CredentialsProvider.swift in Sources */ = {isa = PBXBuildFile; fileRef = C212BCEB225151AC00C624A7 /* CredentialsProvider.swift */; };
		C212BCEE225151E000C624A7 /* Credentials.swift in Sources */ = {isa = PBXBuildFile; fileRef = C212BCED225151E000C624A7 /* Credentials.swift */; };
		C212BCF1225158BD00C624A7 /* CollectionExtensions.swift in Sources */ = {isa = PBXBuildFile; fileRef = C212BCF0225158BD00C624A7 /* CollectionExtensions.swift */; };
		C212BCF322515DD500C624A7 /* UserRepository.swift in Sources */ = {isa = PBXBuildFile; fileRef = C212BCF222515DD500C624A7 /* UserRepository.swift */; };
		C212BCF6225166D000C624A7 /* User.swift in Sources */ = {isa = PBXBuildFile; fileRef = C212BCF5225166D000C624A7 /* User.swift */; };
		C212BCFA2251697700C624A7 /* BaseViewController.swift in Sources */ = {isa = PBXBuildFile; fileRef = C212BCF92251697700C624A7 /* BaseViewController.swift */; };
		C212BCFC225169B100C624A7 /* BaseListView.swift in Sources */ = {isa = PBXBuildFile; fileRef = C212BCFB225169B100C624A7 /* BaseListView.swift */; };
		C212BD0022516AA800C624A7 /* BaseViewModel.swift in Sources */ = {isa = PBXBuildFile; fileRef = C212BCFF22516AA800C624A7 /* BaseViewModel.swift */; };
		C216F52922752B9F001EB291 /* RegisterUserView.swift in Sources */ = {isa = PBXBuildFile; fileRef = C216F52822752B9F001EB291 /* RegisterUserView.swift */; };
		C216F52B2275B238001EB291 /* UIKitExtensions.swift in Sources */ = {isa = PBXBuildFile; fileRef = C216F52A2275B238001EB291 /* UIKitExtensions.swift */; };
		C216F52D2275C045001EB291 /* CityCell.swift in Sources */ = {isa = PBXBuildFile; fileRef = C216F52C2275C045001EB291 /* CityCell.swift */; };
		C216F52F2275CD12001EB291 /* ChooseCityViewModel.swift in Sources */ = {isa = PBXBuildFile; fileRef = C216F52E2275CD12001EB291 /* ChooseCityViewModel.swift */; };
		C224E183225BDE0800A4AE37 /* ACKategories.framework in Frameworks */ = {isa = PBXBuildFile; fileRef = C224E182225BDE0800A4AE37 /* ACKategories.framework */; };
		C228EEFD2282F36A004C19EE /* CinemaAnnotation.swift in Sources */ = {isa = PBXBuildFile; fileRef = C228EEFC2282F36A004C19EE /* CinemaAnnotation.swift */; };
		C228EEFF22834913004C19EE /* ProfileAccessoryController.swift in Sources */ = {isa = PBXBuildFile; fileRef = C228EEFE22834913004C19EE /* ProfileAccessoryController.swift */; };
		C228EF0122834A1C004C19EE /* CloudinaryExtensions.swift in Sources */ = {isa = PBXBuildFile; fileRef = C228EF0022834A1C004C19EE /* CloudinaryExtensions.swift */; };
		C23AFA172297160300CC753D /* MovieCell.swift in Sources */ = {isa = PBXBuildFile; fileRef = C23AFA162297160300CC753D /* MovieCell.swift */; };
		C23AFA1A2297204900CC753D /* DashboardViewController.swift in Sources */ = {isa = PBXBuildFile; fileRef = C23AFA192297204900CC753D /* DashboardViewController.swift */; };
		C23AFA1C2297207400CC753D /* DashboardViewModel.swift in Sources */ = {isa = PBXBuildFile; fileRef = C23AFA1B2297207400CC753D /* DashboardViewModel.swift */; };
		C23AFA1E2297376B00CC753D /* DashboardCoordinator.swift in Sources */ = {isa = PBXBuildFile; fileRef = C23AFA1D2297376B00CC753D /* DashboardCoordinator.swift */; };
		C23EEB9B2278D16E00A95185 /* LaunchScreen.storyboard in Resources */ = {isa = PBXBuildFile; fileRef = C23EEB9A2278D16E00A95185 /* LaunchScreen.storyboard */; };
		C23EEB9D2279D26100A95185 /* LoadingView.swift in Sources */ = {isa = PBXBuildFile; fileRef = C23EEB9C2279D26100A95185 /* LoadingView.swift */; };
		C23EEB9F2279D3CE00A95185 /* CustomComponentDsl.swift in Sources */ = {isa = PBXBuildFile; fileRef = C23EEB9E2279D3CE00A95185 /* CustomComponentDsl.swift */; };
		C23EEBA1227A01E400A95185 /* BaseScrollView.swift in Sources */ = {isa = PBXBuildFile; fileRef = C23EEBA0227A01E400A95185 /* BaseScrollView.swift */; };
		C23EEBA3227A3E4200A95185 /* environment.plist in Resources */ = {isa = PBXBuildFile; fileRef = C23EEBA2227A3E4200A95185 /* environment.plist */; };
		C23EEBA5227A4BC500A95185 /* City.swift in Sources */ = {isa = PBXBuildFile; fileRef = C23EEBA4227A4BC500A95185 /* City.swift */; };
		C23EEBA7227B77B000A95185 /* Cinema.swift in Sources */ = {isa = PBXBuildFile; fileRef = C23EEBA6227B77B000A95185 /* Cinema.swift */; };
		C23EEBA9227B790200A95185 /* Movie.swift in Sources */ = {isa = PBXBuildFile; fileRef = C23EEBA8227B790200A95185 /* Movie.swift */; };
		C23EEBAB227B791400A95185 /* Session.swift in Sources */ = {isa = PBXBuildFile; fileRef = C23EEBAA227B791400A95185 /* Session.swift */; };
		C23EEBB1227CCDAE00A95185 /* CinemaApiService.swift in Sources */ = {isa = PBXBuildFile; fileRef = C23EEBB0227CCDAE00A95185 /* CinemaApiService.swift */; };
		C243CC3B226B33F900B68DC5 /* CityApiService.swift in Sources */ = {isa = PBXBuildFile; fileRef = C243CC3A226B33F900B68DC5 /* CityApiService.swift */; };
		C243CC3E226B3AC100B68DC5 /* RegisterCityViewModel.swift in Sources */ = {isa = PBXBuildFile; fileRef = C243CC3D226B3AC100B68DC5 /* RegisterCityViewModel.swift */; };
		C243CC40226BB7FD00B68DC5 /* FramedTextField.swift in Sources */ = {isa = PBXBuildFile; fileRef = C243CC3F226BB7FD00B68DC5 /* FramedTextField.swift */; };
		C243CC422274E27400B68DC5 /* TextTheme.swift in Sources */ = {isa = PBXBuildFile; fileRef = C243CC412274E27400B68DC5 /* TextTheme.swift */; };
		C243CC442274E6B900B68DC5 /* colors.json in Resources */ = {isa = PBXBuildFile; fileRef = C243CC432274E6B900B68DC5 /* colors.json */; };
		C243CC462274E8FE00B68DC5 /* Colors.swift in Sources */ = {isa = PBXBuildFile; fileRef = C243CC452274E8FD00B68DC5 /* Colors.swift */; };
		C243CC482274E93200B68DC5 /* UIElementTheme.swift in Sources */ = {isa = PBXBuildFile; fileRef = C243CC472274E93200B68DC5 /* UIElementTheme.swift */; };
		C24400C2225C9C73001C88A1 /* LoginViewController.swift in Sources */ = {isa = PBXBuildFile; fileRef = C24400C1225C9C73001C88A1 /* LoginViewController.swift */; };
		C24400C4225CCBA8001C88A1 /* BaseView.swift in Sources */ = {isa = PBXBuildFile; fileRef = C24400C3225CCBA8001C88A1 /* BaseView.swift */; };
		C24400C6225CD1E2001C88A1 /* LoginView.swift in Sources */ = {isa = PBXBuildFile; fileRef = C24400C5225CD1E2001C88A1 /* LoginView.swift */; };
		C24400C9225CD222001C88A1 /* ViewDsl.swift in Sources */ = {isa = PBXBuildFile; fileRef = C24400C8225CD222001C88A1 /* ViewDsl.swift */; };
		C24400CB225CD276001C88A1 /* LoginViewModel.swift in Sources */ = {isa = PBXBuildFile; fileRef = C24400CA225CD276001C88A1 /* LoginViewModel.swift */; };
		C24400CF225CD57B001C88A1 /* RegisterUserViewController.swift in Sources */ = {isa = PBXBuildFile; fileRef = C24400CE225CD57B001C88A1 /* RegisterUserViewController.swift */; };
		C24400D3225CD72C001C88A1 /* RegisterUserViewModel.swift in Sources */ = {isa = PBXBuildFile; fileRef = C24400D2225CD72C001C88A1 /* RegisterUserViewModel.swift */; };
		C24400DA225CF7F5001C88A1 /* RegistrationRepository.swift in Sources */ = {isa = PBXBuildFile; fileRef = C24400D9225CF7F5001C88A1 /* RegistrationRepository.swift */; };
		C24400DC225CFA73001C88A1 /* Copyable.swift in Sources */ = {isa = PBXBuildFile; fileRef = C24400DB225CFA73001C88A1 /* Copyable.swift */; };
		C24400DE225CFDE1001C88A1 /* RegistrationCoordinator.swift in Sources */ = {isa = PBXBuildFile; fileRef = C24400DD225CFDE1001C88A1 /* RegistrationCoordinator.swift */; };
		C24400E0225D063B001C88A1 /* LoginCoordinator.swift in Sources */ = {isa = PBXBuildFile; fileRef = C24400DF225D063B001C88A1 /* LoginCoordinator.swift */; };
		C24400E2225D0778001C88A1 /* AppCoordinator.swift in Sources */ = {isa = PBXBuildFile; fileRef = C24400E1225D0778001C88A1 /* AppCoordinator.swift */; };
		C249D6C62298629500FBD0BC /* MovieRatingView.swift in Sources */ = {isa = PBXBuildFile; fileRef = C249D6C52298629500FBD0BC /* MovieRatingView.swift */; };
		C249D6C82298641E00FBD0BC /* SuggestSessionsCell.swift in Sources */ = {isa = PBXBuildFile; fileRef = C249D6C72298641E00FBD0BC /* SuggestSessionsCell.swift */; };
		C249D6CA22987C8C00FBD0BC /* SessionSuggestView.swift in Sources */ = {isa = PBXBuildFile; fileRef = C249D6C922987C8C00FBD0BC /* SessionSuggestView.swift */; };
		C249D6CD22987F5E00FBD0BC /* SuggestedSessionCell.swift in Sources */ = {isa = PBXBuildFile; fileRef = C249D6CC22987F5E00FBD0BC /* SuggestedSessionCell.swift */; };
		C249D6CF22987F9000FBD0BC /* BaseCollectionViewCell.swift in Sources */ = {isa = PBXBuildFile; fileRef = C249D6CE22987F9000FBD0BC /* BaseCollectionViewCell.swift */; };
		C261C8CA22A6B41800D9096C /* PromotionAnnotation.swift in Sources */ = {isa = PBXBuildFile; fileRef = C261C8C922A6B41800D9096C /* PromotionAnnotation.swift */; };
		C251AFC022A312D100B6678E /* MovieDetailViewController.swift in Sources */ = {isa = PBXBuildFile; fileRef = C251AFBF22A312D100B6678E /* MovieDetailViewController.swift */; };
		C251AFC222A3134000B6678E /* MovieDetailViewModel.swift in Sources */ = {isa = PBXBuildFile; fileRef = C251AFC122A3134000B6678E /* MovieDetailViewModel.swift */; };
		C2649839227D96460037AF48 /* CinemaMapViewController.swift in Sources */ = {isa = PBXBuildFile; fileRef = C2649838227D96460037AF48 /* CinemaMapViewController.swift */; };
		C264983B227D96540037AF48 /* CinemaMapViewModel.swift in Sources */ = {isa = PBXBuildFile; fileRef = C264983A227D96540037AF48 /* CinemaMapViewModel.swift */; };
		C264983F227D99FB0037AF48 /* CinemaRepository.swift in Sources */ = {isa = PBXBuildFile; fileRef = C264983E227D99FB0037AF48 /* CinemaRepository.swift */; };
		C2649841227DB2170037AF48 /* BaseMapView.swift in Sources */ = {isa = PBXBuildFile; fileRef = C2649840227DB2170037AF48 /* BaseMapView.swift */; };
		C2649843227E1FFC0037AF48 /* ShowtimeSearchCell.swift in Sources */ = {isa = PBXBuildFile; fileRef = C2649842227E1FFC0037AF48 /* ShowtimeSearchCell.swift */; };
		C267FFBC229AC454004BC1EE /* State.swift in Sources */ = {isa = PBXBuildFile; fileRef = C267FFBB229AC454004BC1EE /* State.swift */; };
		C267FFBE229AD86C004BC1EE /* RxState.swift in Sources */ = {isa = PBXBuildFile; fileRef = C267FFBD229AD86C004BC1EE /* RxState.swift */; };
		C267FFC0229ADBED004BC1EE /* RxExtensions.swift in Sources */ = {isa = PBXBuildFile; fileRef = C267FFBF229ADBED004BC1EE /* RxExtensions.swift */; };
		C267FFC4229B3A48004BC1EE /* PagedFetcher.swift in Sources */ = {isa = PBXBuildFile; fileRef = C267FFC3229B3A48004BC1EE /* PagedFetcher.swift */; };
		C26873E9229DE18F00A22931 /* CinemaMapView.swift in Sources */ = {isa = PBXBuildFile; fileRef = C26873E8229DE18F00A22931 /* CinemaMapView.swift */; };
		C26873EB229DE54C00A22931 /* CinemaBottomSheetView.swift in Sources */ = {isa = PBXBuildFile; fileRef = C26873EA229DE54C00A22931 /* CinemaBottomSheetView.swift */; };
		C27BAD45226A3B420052BDA6 /* StringExtensions.swift in Sources */ = {isa = PBXBuildFile; fileRef = C27BAD44226A3B420052BDA6 /* StringExtensions.swift */; };
		C28812B822836563006D2120 /* BaseNavigationController.swift in Sources */ = {isa = PBXBuildFile; fileRef = C28812B722836563006D2120 /* BaseNavigationController.swift */; };
		C28812BE2284065B006D2120 /* SessionDetailView.swift in Sources */ = {isa = PBXBuildFile; fileRef = C28812BD2284065B006D2120 /* SessionDetailView.swift */; };
		C28812C022848CBE006D2120 /* SessionDetailViewModel.swift in Sources */ = {isa = PBXBuildFile; fileRef = C28812BF22848CBE006D2120 /* SessionDetailViewModel.swift */; };
		C29C625D2284920D00FD0876 /* SessionDetailViewController.swift in Sources */ = {isa = PBXBuildFile; fileRef = C29C625C2284920D00FD0876 /* SessionDetailViewController.swift */; };
		C29C62642284948F00FD0876 /* CinemaDetailViewController.swift in Sources */ = {isa = PBXBuildFile; fileRef = C29C62632284948F00FD0876 /* CinemaDetailViewController.swift */; };
		C29C6266228494A100FD0876 /* CinemaDetailViewModel.swift in Sources */ = {isa = PBXBuildFile; fileRef = C29C6265228494A100FD0876 /* CinemaDetailViewModel.swift */; };
		C29C626A22849F9400FD0876 /* PromotionRepository.swift in Sources */ = {isa = PBXBuildFile; fileRef = C29C626922849F9400FD0876 /* PromotionRepository.swift */; };
		C29C626C22849FE000FD0876 /* Promotion.swift in Sources */ = {isa = PBXBuildFile; fileRef = C29C626B22849FE000FD0876 /* Promotion.swift */; };
		C2C52EBA225E3547009A6D93 /* ProfileViewController.swift in Sources */ = {isa = PBXBuildFile; fileRef = C2C52EB9225E3547009A6D93 /* ProfileViewController.swift */; };
		C2C52EBC225E3623009A6D93 /* ProfileCoordinator.swift in Sources */ = {isa = PBXBuildFile; fileRef = C2C52EBB225E3623009A6D93 /* ProfileCoordinator.swift */; };
		C2C52EBE225E3682009A6D93 /* ProfileViewModel.swift in Sources */ = {isa = PBXBuildFile; fileRef = C2C52EBD225E3682009A6D93 /* ProfileViewModel.swift */; };
		C2C52EC1225E3880009A6D93 /* MainCoordinator.swift in Sources */ = {isa = PBXBuildFile; fileRef = C2C52EC0225E3880009A6D93 /* MainCoordinator.swift */; };
		C2C52ED2225E4211009A6D93 /* ChooseCityViewController.swift in Sources */ = {isa = PBXBuildFile; fileRef = C2C52ED1225E4211009A6D93 /* ChooseCityViewController.swift */; };
		C2C52ED4225E4243009A6D93 /* ChangeCityViewModel.swift in Sources */ = {isa = PBXBuildFile; fileRef = C2C52ED3225E4243009A6D93 /* ChangeCityViewModel.swift */; };
		C2CA247622A2D01400C6A81B /* CinemaCoordinator.swift in Sources */ = {isa = PBXBuildFile; fileRef = C2CA247522A2D01400C6A81B /* CinemaCoordinator.swift */; };
		C2CA247822A2E52100C6A81B /* CinemaDetailHeaderView.swift in Sources */ = {isa = PBXBuildFile; fileRef = C2CA247722A2E52100C6A81B /* CinemaDetailHeaderView.swift */; };
		C2DF154E227F82440071A9FB /* AlamofireImage.framework in Frameworks */ = {isa = PBXBuildFile; fileRef = C2DF154D227F82440071A9FB /* AlamofireImage.framework */; };
		C2DF1550227F8AFA0071A9FB /* RxCoreLocation.framework in Frameworks */ = {isa = PBXBuildFile; fileRef = C2DF154F227F8AFA0071A9FB /* RxCoreLocation.framework */; };
		C2DF15522280BF500071A9FB /* RxRelay.framework in Frameworks */ = {isa = PBXBuildFile; fileRef = C2DF15512280BF500071A9FB /* RxRelay.framework */; };
		C2DF8771229334C500694A28 /* ColorTheme.swift in Sources */ = {isa = PBXBuildFile; fileRef = C2DF8770229334C500694A28 /* ColorTheme.swift */; };
		C2F7409D22997D8C00E55F25 /* BaseShadowedView.swift in Sources */ = {isa = PBXBuildFile; fileRef = C2F7409C22997D8C00E55F25 /* BaseShadowedView.swift */; };
		C2F86D5F22946B62001D9878 /* PromotionCalloutView.swift in Sources */ = {isa = PBXBuildFile; fileRef = C2F86D5E22946B62001D9878 /* PromotionCalloutView.swift */; };
		F5FCCCB022563B1C00640F2A /* DateExtensions.swift in Sources */ = {isa = PBXBuildFile; fileRef = F5FCCCAF22563B1C00640F2A /* DateExtensions.swift */; };
		F5FCCCB22256469200640F2A /* OAuthApiService.swift in Sources */ = {isa = PBXBuildFile; fileRef = F5FCCCB12256469200640F2A /* OAuthApiService.swift */; };
/* End PBXBuildFile section */

/* Begin PBXContainerItemProxy section */
		C212BC72224FC4C100C624A7 /* PBXContainerItemProxy */ = {
			isa = PBXContainerItemProxy;
			containerPortal = C212BC39224FBB2000C624A7 /* Project object */;
			proxyType = 1;
			remoteGlobalIDString = C212BC40224FBB2000C624A7;
			remoteInfo = "moviego-ios";
		};
/* End PBXContainerItemProxy section */

/* Begin PBXFileReference section */
		065CD81856D464FE9274FA2B /* Pods-moviego-ios.production.xcconfig */ = {isa = PBXFileReference; includeInIndex = 1; lastKnownFileType = text.xcconfig; name = "Pods-moviego-ios.production.xcconfig"; path = "Target Support Files/Pods-moviego-ios/Pods-moviego-ios.production.xcconfig"; sourceTree = "<group>"; };
		1208531ACDFE9F70ACF977E4 /* Pods-moviego-ios.release.xcconfig */ = {isa = PBXFileReference; includeInIndex = 1; lastKnownFileType = text.xcconfig; name = "Pods-moviego-ios.release.xcconfig"; path = "Target Support Files/Pods-moviego-ios/Pods-moviego-ios.release.xcconfig"; sourceTree = "<group>"; };
		300592F8A601A1E85853C83F /* Pods_moviego_ios.framework */ = {isa = PBXFileReference; explicitFileType = wrapper.framework; includeInIndex = 0; path = Pods_moviego_ios.framework; sourceTree = BUILT_PRODUCTS_DIR; };
		5D981CEF68229ACF8544477C /* Pods-moviego-iosUITests.production.xcconfig */ = {isa = PBXFileReference; includeInIndex = 1; lastKnownFileType = text.xcconfig; name = "Pods-moviego-iosUITests.production.xcconfig"; path = "Target Support Files/Pods-moviego-iosUITests/Pods-moviego-iosUITests.production.xcconfig"; sourceTree = "<group>"; };
		6CC92737F32EA1C1AAD0C261 /* Pods_ios_skeleton.framework */ = {isa = PBXFileReference; explicitFileType = wrapper.framework; includeInIndex = 0; path = Pods_ios_skeleton.framework; sourceTree = BUILT_PRODUCTS_DIR; };
		714178FBA904447304E10E73 /* Pods-moviego-ios.debug.xcconfig */ = {isa = PBXFileReference; includeInIndex = 1; lastKnownFileType = text.xcconfig; name = "Pods-moviego-ios.debug.xcconfig"; path = "Target Support Files/Pods-moviego-ios/Pods-moviego-ios.debug.xcconfig"; sourceTree = "<group>"; };
		97338950936FA0C4CF8B0169 /* Pods-moviego-iosUITests.beta.xcconfig */ = {isa = PBXFileReference; includeInIndex = 1; lastKnownFileType = text.xcconfig; name = "Pods-moviego-iosUITests.beta.xcconfig"; path = "Target Support Files/Pods-moviego-iosUITests/Pods-moviego-iosUITests.beta.xcconfig"; sourceTree = "<group>"; };
		C07042668D445943B41D986B /* Pods_ios_skeletonUITests.framework */ = {isa = PBXFileReference; explicitFileType = wrapper.framework; includeInIndex = 0; path = Pods_ios_skeletonUITests.framework; sourceTree = BUILT_PRODUCTS_DIR; };
		C209A6A022A72122003368E7 /* PromotionAnnotationView.swift */ = {isa = PBXFileReference; lastKnownFileType = sourcecode.swift; path = PromotionAnnotationView.swift; sourceTree = "<group>"; };
		C209A6A222A7BA2E003368E7 /* PromotionViewController.swift */ = {isa = PBXFileReference; lastKnownFileType = sourcecode.swift; path = PromotionViewController.swift; sourceTree = "<group>"; };
		C212BC41224FBB2000C624A7 /* moviego-ios.app */ = {isa = PBXFileReference; explicitFileType = wrapper.application; includeInIndex = 0; path = "moviego-ios.app"; sourceTree = BUILT_PRODUCTS_DIR; };
		C212BC44224FBB2000C624A7 /* AppDelegate.swift */ = {isa = PBXFileReference; lastKnownFileType = sourcecode.swift; path = AppDelegate.swift; sourceTree = "<group>"; };
		C212BC46224FBB2000C624A7 /* ViewController.swift */ = {isa = PBXFileReference; lastKnownFileType = sourcecode.swift; path = ViewController.swift; sourceTree = "<group>"; };
		C212BC4B224FBB2200C624A7 /* Images.xcassets */ = {isa = PBXFileReference; lastKnownFileType = folder.assetcatalog; path = Images.xcassets; sourceTree = "<group>"; };
		C212BC50224FBB2200C624A7 /* Info.plist */ = {isa = PBXFileReference; lastKnownFileType = text.plist.xml; path = Info.plist; sourceTree = "<group>"; };
		C212BC6D224FC4C100C624A7 /* UnitTests.xctest */ = {isa = PBXFileReference; explicitFileType = wrapper.cfbundle; includeInIndex = 0; path = UnitTests.xctest; sourceTree = BUILT_PRODUCTS_DIR; };
		C212BC6F224FC4C100C624A7 /* UnitTests.swift */ = {isa = PBXFileReference; lastKnownFileType = sourcecode.swift; path = UnitTests.swift; sourceTree = "<group>"; };
		C212BC71224FC4C100C624A7 /* Info.plist */ = {isa = PBXFileReference; lastKnownFileType = text.plist.xml; path = Info.plist; sourceTree = "<group>"; };
		C212BC7B224FD13700C624A7 /* Cartfile */ = {isa = PBXFileReference; lastKnownFileType = text; path = Cartfile; sourceTree = "<group>"; };
		C212BC81224FD1E700C624A7 /* Podfile */ = {isa = PBXFileReference; fileEncoding = 4; lastKnownFileType = text; path = Podfile; sourceTree = "<group>"; xcLanguageSpecificationIdentifier = xcode.lang.ruby; };
		C212BC83224FD20300C624A7 /* Gemfile */ = {isa = PBXFileReference; lastKnownFileType = text; path = Gemfile; sourceTree = "<group>"; };
		C212BC86224FE6F700C624A7 /* Base.lproj */ = {isa = PBXFileReference; lastKnownFileType = folder; path = Base.lproj; sourceTree = "<group>"; };
		C212BC8D224FEB5200C624A7 /* generate_preprocess_header.sh */ = {isa = PBXFileReference; lastKnownFileType = text.script.sh; path = generate_preprocess_header.sh; sourceTree = "<group>"; };
		C212BC98224FFB1F00C624A7 /* environment.plist */ = {isa = PBXFileReference; lastKnownFileType = text.plist.xml; path = environment.plist; sourceTree = "<group>"; };
		C212BC9C225002D500C624A7 /* Alamofire.framework */ = {isa = PBXFileReference; lastKnownFileType = wrapper.framework; name = Alamofire.framework; path = Carthage/Build/iOS/Alamofire.framework; sourceTree = "<group>"; };
		C212BC9D225002D500C624A7 /* SnapKit.framework */ = {isa = PBXFileReference; lastKnownFileType = wrapper.framework; name = SnapKit.framework; path = Carthage/Build/iOS/SnapKit.framework; sourceTree = "<group>"; };
		C212BCA222500CB000C624A7 /* environment.plist */ = {isa = PBXFileReference; fileEncoding = 4; lastKnownFileType = text.plist.xml; path = environment.plist; sourceTree = "<group>"; };
		C212BCA422500CBB00C624A7 /* environment.plist */ = {isa = PBXFileReference; fileEncoding = 4; lastKnownFileType = text.plist.xml; path = environment.plist; sourceTree = "<group>"; };
		C212BCA6225023FB00C624A7 /* Assets.swift */ = {isa = PBXFileReference; fileEncoding = 4; lastKnownFileType = sourcecode.swift; path = Assets.swift; sourceTree = "<group>"; };
		C212BCA8225024D400C624A7 /* Environment.swift */ = {isa = PBXFileReference; fileEncoding = 4; lastKnownFileType = sourcecode.swift; path = Environment.swift; sourceTree = "<group>"; };
		C212BCAA2250325C00C624A7 /* LocalizedStrings.swift */ = {isa = PBXFileReference; fileEncoding = 4; lastKnownFileType = sourcecode.swift; path = LocalizedStrings.swift; sourceTree = "<group>"; };
		C212BCBC2250475E00C624A7 /* RxSwift.framework */ = {isa = PBXFileReference; lastKnownFileType = wrapper.framework; name = RxSwift.framework; path = Carthage/Build/iOS/RxSwift.framework; sourceTree = "<group>"; };
		C212BCBD2250475E00C624A7 /* RxCocoa.framework */ = {isa = PBXFileReference; lastKnownFileType = wrapper.framework; name = RxCocoa.framework; path = Carthage/Build/iOS/RxCocoa.framework; sourceTree = "<group>"; };
		C212BCCF2250D81F00C624A7 /* ModelDependency.swift */ = {isa = PBXFileReference; lastKnownFileType = sourcecode.swift; path = ModelDependency.swift; sourceTree = "<group>"; };
		C212BCD12250DB9E00C624A7 /* ViewModelFactories.swift */ = {isa = PBXFileReference; lastKnownFileType = sourcecode.swift; path = ViewModelFactories.swift; sourceTree = "<group>"; };
		C212BCD52250E98D00C624A7 /* RxSwiftExt.framework */ = {isa = PBXFileReference; lastKnownFileType = wrapper.framework; name = RxSwiftExt.framework; path = Carthage/Build/iOS/RxSwiftExt.framework; sourceTree = "<group>"; };
		C212BCD822511AF000C624A7 /* BaseTableViewCell.swift */ = {isa = PBXFileReference; lastKnownFileType = sourcecode.swift; path = BaseTableViewCell.swift; sourceTree = "<group>"; };
		C212BCDA2251247100C624A7 /* Reqres.framework */ = {isa = PBXFileReference; lastKnownFileType = wrapper.framework; name = Reqres.framework; path = Carthage/Build/iOS/Reqres.framework; sourceTree = "<group>"; };
		C212BCDD225126FA00C624A7 /* RxAlamofire.framework */ = {isa = PBXFileReference; lastKnownFileType = wrapper.framework; name = RxAlamofire.framework; path = Carthage/Build/iOS/RxAlamofire.framework; sourceTree = "<group>"; };
		C212BCDF22512CBF00C624A7 /* Network.swift */ = {isa = PBXFileReference; lastKnownFileType = sourcecode.swift; path = Network.swift; sourceTree = "<group>"; };
		C212BCE122512EC800C624A7 /* ApiInteractor.swift */ = {isa = PBXFileReference; lastKnownFileType = sourcecode.swift; path = ApiInteractor.swift; sourceTree = "<group>"; };
		C212BCE62251371B00C624A7 /* RxAtomic.framework */ = {isa = PBXFileReference; lastKnownFileType = wrapper.framework; name = RxAtomic.framework; path = Carthage/Build/iOS/RxAtomic.framework; sourceTree = "<group>"; };
		C212BCE92251497D00C624A7 /* Pods_ios_skeleton.framework */ = {isa = PBXFileReference; explicitFileType = wrapper.framework; path = Pods_ios_skeleton.framework; sourceTree = BUILT_PRODUCTS_DIR; };
		C212BCEB225151AC00C624A7 /* CredentialsProvider.swift */ = {isa = PBXFileReference; lastKnownFileType = sourcecode.swift; path = CredentialsProvider.swift; sourceTree = "<group>"; };
		C212BCED225151E000C624A7 /* Credentials.swift */ = {isa = PBXFileReference; lastKnownFileType = sourcecode.swift; path = Credentials.swift; sourceTree = "<group>"; };
		C212BCF0225158BD00C624A7 /* CollectionExtensions.swift */ = {isa = PBXFileReference; lastKnownFileType = sourcecode.swift; path = CollectionExtensions.swift; sourceTree = "<group>"; };
		C212BCF222515DD500C624A7 /* UserRepository.swift */ = {isa = PBXFileReference; lastKnownFileType = sourcecode.swift; path = UserRepository.swift; sourceTree = "<group>"; };
		C212BCF5225166D000C624A7 /* User.swift */ = {isa = PBXFileReference; lastKnownFileType = sourcecode.swift; path = User.swift; sourceTree = "<group>"; };
		C212BCF92251697700C624A7 /* BaseViewController.swift */ = {isa = PBXFileReference; lastKnownFileType = sourcecode.swift; path = BaseViewController.swift; sourceTree = "<group>"; };
		C212BCFB225169B100C624A7 /* BaseListView.swift */ = {isa = PBXFileReference; lastKnownFileType = sourcecode.swift; path = BaseListView.swift; sourceTree = "<group>"; };
		C212BCFF22516AA800C624A7 /* BaseViewModel.swift */ = {isa = PBXFileReference; lastKnownFileType = sourcecode.swift; path = BaseViewModel.swift; sourceTree = "<group>"; };
		C216F52822752B9F001EB291 /* RegisterUserView.swift */ = {isa = PBXFileReference; fileEncoding = 4; lastKnownFileType = sourcecode.swift; path = RegisterUserView.swift; sourceTree = "<group>"; };
		C216F52A2275B238001EB291 /* UIKitExtensions.swift */ = {isa = PBXFileReference; lastKnownFileType = sourcecode.swift; path = UIKitExtensions.swift; sourceTree = "<group>"; };
		C216F52C2275C045001EB291 /* CityCell.swift */ = {isa = PBXFileReference; lastKnownFileType = sourcecode.swift; path = CityCell.swift; sourceTree = "<group>"; };
		C216F52E2275CD12001EB291 /* ChooseCityViewModel.swift */ = {isa = PBXFileReference; lastKnownFileType = sourcecode.swift; path = ChooseCityViewModel.swift; sourceTree = "<group>"; };
		C224E182225BDE0800A4AE37 /* ACKategories.framework */ = {isa = PBXFileReference; lastKnownFileType = wrapper.framework; name = ACKategories.framework; path = Carthage/Build/iOS/ACKategories.framework; sourceTree = "<group>"; };
		C228EEFC2282F36A004C19EE /* CinemaAnnotation.swift */ = {isa = PBXFileReference; lastKnownFileType = sourcecode.swift; path = CinemaAnnotation.swift; sourceTree = "<group>"; };
		C228EEFE22834913004C19EE /* ProfileAccessoryController.swift */ = {isa = PBXFileReference; lastKnownFileType = sourcecode.swift; path = ProfileAccessoryController.swift; sourceTree = "<group>"; };
		C228EF0022834A1C004C19EE /* CloudinaryExtensions.swift */ = {isa = PBXFileReference; lastKnownFileType = sourcecode.swift; path = CloudinaryExtensions.swift; sourceTree = "<group>"; };
		C23AFA162297160300CC753D /* MovieCell.swift */ = {isa = PBXFileReference; lastKnownFileType = sourcecode.swift; path = MovieCell.swift; sourceTree = "<group>"; };
		C23AFA192297204900CC753D /* DashboardViewController.swift */ = {isa = PBXFileReference; lastKnownFileType = sourcecode.swift; path = DashboardViewController.swift; sourceTree = "<group>"; };
		C23AFA1B2297207400CC753D /* DashboardViewModel.swift */ = {isa = PBXFileReference; lastKnownFileType = sourcecode.swift; path = DashboardViewModel.swift; sourceTree = "<group>"; };
		C23AFA1D2297376B00CC753D /* DashboardCoordinator.swift */ = {isa = PBXFileReference; lastKnownFileType = sourcecode.swift; path = DashboardCoordinator.swift; sourceTree = "<group>"; };
		C23EEB9A2278D16E00A95185 /* LaunchScreen.storyboard */ = {isa = PBXFileReference; lastKnownFileType = file.storyboard; path = LaunchScreen.storyboard; sourceTree = "<group>"; };
		C23EEB9C2279D26100A95185 /* LoadingView.swift */ = {isa = PBXFileReference; lastKnownFileType = sourcecode.swift; path = LoadingView.swift; sourceTree = "<group>"; };
		C23EEB9E2279D3CE00A95185 /* CustomComponentDsl.swift */ = {isa = PBXFileReference; lastKnownFileType = sourcecode.swift; path = CustomComponentDsl.swift; sourceTree = "<group>"; };
		C23EEBA0227A01E400A95185 /* BaseScrollView.swift */ = {isa = PBXFileReference; lastKnownFileType = sourcecode.swift; path = BaseScrollView.swift; sourceTree = "<group>"; };
		C23EEBA2227A3E4200A95185 /* environment.plist */ = {isa = PBXFileReference; fileEncoding = 4; lastKnownFileType = text.plist.xml; path = environment.plist; sourceTree = "<group>"; };
		C23EEBA4227A4BC500A95185 /* City.swift */ = {isa = PBXFileReference; lastKnownFileType = sourcecode.swift; path = City.swift; sourceTree = "<group>"; };
		C23EEBA6227B77B000A95185 /* Cinema.swift */ = {isa = PBXFileReference; lastKnownFileType = sourcecode.swift; path = Cinema.swift; sourceTree = "<group>"; };
		C23EEBA8227B790200A95185 /* Movie.swift */ = {isa = PBXFileReference; lastKnownFileType = sourcecode.swift; path = Movie.swift; sourceTree = "<group>"; };
		C23EEBAA227B791400A95185 /* Session.swift */ = {isa = PBXFileReference; lastKnownFileType = sourcecode.swift; path = Session.swift; sourceTree = "<group>"; };
		C23EEBB0227CCDAE00A95185 /* CinemaApiService.swift */ = {isa = PBXFileReference; lastKnownFileType = sourcecode.swift; path = CinemaApiService.swift; sourceTree = "<group>"; };
		C243CC3A226B33F900B68DC5 /* CityApiService.swift */ = {isa = PBXFileReference; lastKnownFileType = sourcecode.swift; path = CityApiService.swift; sourceTree = "<group>"; };
		C243CC3D226B3AC100B68DC5 /* RegisterCityViewModel.swift */ = {isa = PBXFileReference; lastKnownFileType = sourcecode.swift; path = RegisterCityViewModel.swift; sourceTree = "<group>"; };
		C243CC3F226BB7FD00B68DC5 /* FramedTextField.swift */ = {isa = PBXFileReference; lastKnownFileType = sourcecode.swift; path = FramedTextField.swift; sourceTree = "<group>"; };
		C243CC412274E27400B68DC5 /* TextTheme.swift */ = {isa = PBXFileReference; lastKnownFileType = sourcecode.swift; name = TextTheme.swift; path = "moviego-ios/View/TextTheme.swift"; sourceTree = SOURCE_ROOT; };
		C243CC432274E6B900B68DC5 /* colors.json */ = {isa = PBXFileReference; lastKnownFileType = text.json; path = colors.json; sourceTree = "<group>"; };
		C243CC452274E8FD00B68DC5 /* Colors.swift */ = {isa = PBXFileReference; fileEncoding = 4; lastKnownFileType = sourcecode.swift; path = Colors.swift; sourceTree = "<group>"; };
		C243CC472274E93200B68DC5 /* UIElementTheme.swift */ = {isa = PBXFileReference; lastKnownFileType = sourcecode.swift; name = UIElementTheme.swift; path = "moviego-ios/Resources/Generated/UIElementTheme.swift"; sourceTree = SOURCE_ROOT; };
		C24400C1225C9C73001C88A1 /* LoginViewController.swift */ = {isa = PBXFileReference; lastKnownFileType = sourcecode.swift; path = LoginViewController.swift; sourceTree = "<group>"; };
		C24400C3225CCBA8001C88A1 /* BaseView.swift */ = {isa = PBXFileReference; lastKnownFileType = sourcecode.swift; path = BaseView.swift; sourceTree = "<group>"; };
		C24400C5225CD1E2001C88A1 /* LoginView.swift */ = {isa = PBXFileReference; lastKnownFileType = sourcecode.swift; path = LoginView.swift; sourceTree = "<group>"; };
		C24400C8225CD222001C88A1 /* ViewDsl.swift */ = {isa = PBXFileReference; lastKnownFileType = sourcecode.swift; path = ViewDsl.swift; sourceTree = "<group>"; };
		C24400CA225CD276001C88A1 /* LoginViewModel.swift */ = {isa = PBXFileReference; lastKnownFileType = sourcecode.swift; path = LoginViewModel.swift; sourceTree = "<group>"; };
		C24400CE225CD57B001C88A1 /* RegisterUserViewController.swift */ = {isa = PBXFileReference; lastKnownFileType = sourcecode.swift; path = RegisterUserViewController.swift; sourceTree = "<group>"; };
		C24400D2225CD72C001C88A1 /* RegisterUserViewModel.swift */ = {isa = PBXFileReference; lastKnownFileType = sourcecode.swift; path = RegisterUserViewModel.swift; sourceTree = "<group>"; };
		C24400D9225CF7F5001C88A1 /* RegistrationRepository.swift */ = {isa = PBXFileReference; lastKnownFileType = sourcecode.swift; path = RegistrationRepository.swift; sourceTree = "<group>"; };
		C24400DB225CFA73001C88A1 /* Copyable.swift */ = {isa = PBXFileReference; lastKnownFileType = sourcecode.swift; path = Copyable.swift; sourceTree = "<group>"; };
		C24400DD225CFDE1001C88A1 /* RegistrationCoordinator.swift */ = {isa = PBXFileReference; lastKnownFileType = sourcecode.swift; path = RegistrationCoordinator.swift; sourceTree = "<group>"; };
		C24400DF225D063B001C88A1 /* LoginCoordinator.swift */ = {isa = PBXFileReference; lastKnownFileType = sourcecode.swift; path = LoginCoordinator.swift; sourceTree = "<group>"; };
		C24400E1225D0778001C88A1 /* AppCoordinator.swift */ = {isa = PBXFileReference; lastKnownFileType = sourcecode.swift; path = AppCoordinator.swift; sourceTree = "<group>"; };
		C249D6C52298629500FBD0BC /* MovieRatingView.swift */ = {isa = PBXFileReference; lastKnownFileType = sourcecode.swift; path = MovieRatingView.swift; sourceTree = "<group>"; };
		C249D6C72298641E00FBD0BC /* SuggestSessionsCell.swift */ = {isa = PBXFileReference; lastKnownFileType = sourcecode.swift; path = SuggestSessionsCell.swift; sourceTree = "<group>"; };
		C249D6C922987C8C00FBD0BC /* SessionSuggestView.swift */ = {isa = PBXFileReference; lastKnownFileType = sourcecode.swift; path = SessionSuggestView.swift; sourceTree = "<group>"; };
		C249D6CC22987F5E00FBD0BC /* SuggestedSessionCell.swift */ = {isa = PBXFileReference; lastKnownFileType = sourcecode.swift; path = SuggestedSessionCell.swift; sourceTree = "<group>"; };
		C249D6CE22987F9000FBD0BC /* BaseCollectionViewCell.swift */ = {isa = PBXFileReference; lastKnownFileType = sourcecode.swift; path = BaseCollectionViewCell.swift; sourceTree = "<group>"; };
		C251AFBF22A312D100B6678E /* MovieDetailViewController.swift */ = {isa = PBXFileReference; lastKnownFileType = sourcecode.swift; path = MovieDetailViewController.swift; sourceTree = "<group>"; };
		C251AFC122A3134000B6678E /* MovieDetailViewModel.swift */ = {isa = PBXFileReference; lastKnownFileType = sourcecode.swift; path = MovieDetailViewModel.swift; sourceTree = "<group>"; };
		C261C8C922A6B41800D9096C /* PromotionAnnotation.swift */ = {isa = PBXFileReference; lastKnownFileType = sourcecode.swift; path = PromotionAnnotation.swift; sourceTree = "<group>"; };
		C2649838227D96460037AF48 /* CinemaMapViewController.swift */ = {isa = PBXFileReference; lastKnownFileType = sourcecode.swift; path = CinemaMapViewController.swift; sourceTree = "<group>"; };
		C264983A227D96540037AF48 /* CinemaMapViewModel.swift */ = {isa = PBXFileReference; lastKnownFileType = sourcecode.swift; path = CinemaMapViewModel.swift; sourceTree = "<group>"; };
		C264983E227D99FB0037AF48 /* CinemaRepository.swift */ = {isa = PBXFileReference; lastKnownFileType = sourcecode.swift; path = CinemaRepository.swift; sourceTree = "<group>"; };
		C2649840227DB2170037AF48 /* BaseMapView.swift */ = {isa = PBXFileReference; lastKnownFileType = sourcecode.swift; path = BaseMapView.swift; sourceTree = "<group>"; };
		C2649842227E1FFC0037AF48 /* ShowtimeSearchCell.swift */ = {isa = PBXFileReference; lastKnownFileType = sourcecode.swift; path = ShowtimeSearchCell.swift; sourceTree = "<group>"; };
		C267FFBB229AC454004BC1EE /* State.swift */ = {isa = PBXFileReference; lastKnownFileType = sourcecode.swift; path = State.swift; sourceTree = "<group>"; };
		C267FFBD229AD86C004BC1EE /* RxState.swift */ = {isa = PBXFileReference; lastKnownFileType = sourcecode.swift; path = RxState.swift; sourceTree = "<group>"; };
		C267FFBF229ADBED004BC1EE /* RxExtensions.swift */ = {isa = PBXFileReference; lastKnownFileType = sourcecode.swift; path = RxExtensions.swift; sourceTree = "<group>"; };
		C267FFC3229B3A48004BC1EE /* PagedFetcher.swift */ = {isa = PBXFileReference; lastKnownFileType = sourcecode.swift; path = PagedFetcher.swift; sourceTree = "<group>"; };
		C26873E8229DE18F00A22931 /* CinemaMapView.swift */ = {isa = PBXFileReference; lastKnownFileType = sourcecode.swift; path = CinemaMapView.swift; sourceTree = "<group>"; };
		C26873EA229DE54C00A22931 /* CinemaBottomSheetView.swift */ = {isa = PBXFileReference; lastKnownFileType = sourcecode.swift; path = CinemaBottomSheetView.swift; sourceTree = "<group>"; };
		C27BAD44226A3B420052BDA6 /* StringExtensions.swift */ = {isa = PBXFileReference; lastKnownFileType = sourcecode.swift; path = StringExtensions.swift; sourceTree = "<group>"; };
		C28812B722836563006D2120 /* BaseNavigationController.swift */ = {isa = PBXFileReference; lastKnownFileType = sourcecode.swift; path = BaseNavigationController.swift; sourceTree = "<group>"; };
		C28812BD2284065B006D2120 /* SessionDetailView.swift */ = {isa = PBXFileReference; lastKnownFileType = sourcecode.swift; path = SessionDetailView.swift; sourceTree = "<group>"; };
		C28812BF22848CBE006D2120 /* SessionDetailViewModel.swift */ = {isa = PBXFileReference; lastKnownFileType = sourcecode.swift; path = SessionDetailViewModel.swift; sourceTree = "<group>"; };
		C29C625C2284920D00FD0876 /* SessionDetailViewController.swift */ = {isa = PBXFileReference; fileEncoding = 4; lastKnownFileType = sourcecode.swift; path = SessionDetailViewController.swift; sourceTree = "<group>"; };
		C29C62632284948F00FD0876 /* CinemaDetailViewController.swift */ = {isa = PBXFileReference; lastKnownFileType = sourcecode.swift; path = CinemaDetailViewController.swift; sourceTree = "<group>"; };
		C29C6265228494A100FD0876 /* CinemaDetailViewModel.swift */ = {isa = PBXFileReference; lastKnownFileType = sourcecode.swift; path = CinemaDetailViewModel.swift; sourceTree = "<group>"; };
		C29C626922849F9400FD0876 /* PromotionRepository.swift */ = {isa = PBXFileReference; lastKnownFileType = sourcecode.swift; path = PromotionRepository.swift; sourceTree = "<group>"; };
		C29C626B22849FE000FD0876 /* Promotion.swift */ = {isa = PBXFileReference; lastKnownFileType = sourcecode.swift; path = Promotion.swift; sourceTree = "<group>"; };
		C2C52EB9225E3547009A6D93 /* ProfileViewController.swift */ = {isa = PBXFileReference; lastKnownFileType = sourcecode.swift; path = ProfileViewController.swift; sourceTree = "<group>"; };
		C2C52EBB225E3623009A6D93 /* ProfileCoordinator.swift */ = {isa = PBXFileReference; lastKnownFileType = sourcecode.swift; path = ProfileCoordinator.swift; sourceTree = "<group>"; };
		C2C52EBD225E3682009A6D93 /* ProfileViewModel.swift */ = {isa = PBXFileReference; lastKnownFileType = sourcecode.swift; path = ProfileViewModel.swift; sourceTree = "<group>"; };
		C2C52EC0225E3880009A6D93 /* MainCoordinator.swift */ = {isa = PBXFileReference; lastKnownFileType = sourcecode.swift; path = MainCoordinator.swift; sourceTree = "<group>"; };
		C2C52ED1225E4211009A6D93 /* ChooseCityViewController.swift */ = {isa = PBXFileReference; lastKnownFileType = sourcecode.swift; path = ChooseCityViewController.swift; sourceTree = "<group>"; };
		C2C52ED3225E4243009A6D93 /* ChangeCityViewModel.swift */ = {isa = PBXFileReference; lastKnownFileType = sourcecode.swift; path = ChangeCityViewModel.swift; sourceTree = "<group>"; };
		C2CA247522A2D01400C6A81B /* CinemaCoordinator.swift */ = {isa = PBXFileReference; lastKnownFileType = sourcecode.swift; path = CinemaCoordinator.swift; sourceTree = "<group>"; };
		C2CA247722A2E52100C6A81B /* CinemaDetailHeaderView.swift */ = {isa = PBXFileReference; lastKnownFileType = sourcecode.swift; path = CinemaDetailHeaderView.swift; sourceTree = "<group>"; };
		C2DF154D227F82440071A9FB /* AlamofireImage.framework */ = {isa = PBXFileReference; lastKnownFileType = wrapper.framework; name = AlamofireImage.framework; path = Carthage/Build/iOS/AlamofireImage.framework; sourceTree = "<group>"; };
		C2DF154F227F8AFA0071A9FB /* RxCoreLocation.framework */ = {isa = PBXFileReference; lastKnownFileType = wrapper.framework; name = RxCoreLocation.framework; path = Carthage/Build/iOS/RxCoreLocation.framework; sourceTree = "<group>"; };
		C2DF15512280BF500071A9FB /* RxRelay.framework */ = {isa = PBXFileReference; lastKnownFileType = wrapper.framework; name = RxRelay.framework; path = Carthage/Build/iOS/RxRelay.framework; sourceTree = "<group>"; };
		C2DF8770229334C500694A28 /* ColorTheme.swift */ = {isa = PBXFileReference; lastKnownFileType = sourcecode.swift; name = ColorTheme.swift; path = "moviego-ios/Base/ColorTheme.swift"; sourceTree = SOURCE_ROOT; };
		C2F7409C22997D8C00E55F25 /* BaseShadowedView.swift */ = {isa = PBXFileReference; lastKnownFileType = sourcecode.swift; path = BaseShadowedView.swift; sourceTree = "<group>"; };
		C2F86D5E22946B62001D9878 /* PromotionCalloutView.swift */ = {isa = PBXFileReference; lastKnownFileType = sourcecode.swift; path = PromotionCalloutView.swift; sourceTree = "<group>"; };
		C9F82BCC923BFCAABAED12FA /* Pods-moviego-iosUITests.debug.xcconfig */ = {isa = PBXFileReference; includeInIndex = 1; lastKnownFileType = text.xcconfig; name = "Pods-moviego-iosUITests.debug.xcconfig"; path = "Target Support Files/Pods-moviego-iosUITests/Pods-moviego-iosUITests.debug.xcconfig"; sourceTree = "<group>"; };
		CD5853AE2A03E0C9B6969ED1 /* Pods-moviego-ios.beta.xcconfig */ = {isa = PBXFileReference; includeInIndex = 1; lastKnownFileType = text.xcconfig; name = "Pods-moviego-ios.beta.xcconfig"; path = "Target Support Files/Pods-moviego-ios/Pods-moviego-ios.beta.xcconfig"; sourceTree = "<group>"; };
		F5FCCCAF22563B1C00640F2A /* DateExtensions.swift */ = {isa = PBXFileReference; lastKnownFileType = sourcecode.swift; path = DateExtensions.swift; sourceTree = "<group>"; };
		F5FCCCB12256469200640F2A /* OAuthApiService.swift */ = {isa = PBXFileReference; lastKnownFileType = sourcecode.swift; path = OAuthApiService.swift; sourceTree = "<group>"; };
/* End PBXFileReference section */

/* Begin PBXFrameworksBuildPhase section */
		C212BC3E224FBB2000C624A7 /* Frameworks */ = {
			isa = PBXFrameworksBuildPhase;
			buildActionMask = 2147483647;
			files = (
				C2DF15522280BF500071A9FB /* RxRelay.framework in Frameworks */,
				C2DF1550227F8AFA0071A9FB /* RxCoreLocation.framework in Frameworks */,
				C2DF154E227F82440071A9FB /* AlamofireImage.framework in Frameworks */,
				C224E183225BDE0800A4AE37 /* ACKategories.framework in Frameworks */,
				C212BCE72251371B00C624A7 /* RxAtomic.framework in Frameworks */,
				C212BCDE225126FA00C624A7 /* RxAlamofire.framework in Frameworks */,
				C212BCDB2251247100C624A7 /* Reqres.framework in Frameworks */,
				C212BCD62250E98D00C624A7 /* RxSwiftExt.framework in Frameworks */,
				C212BCBE2250475E00C624A7 /* RxSwift.framework in Frameworks */,
				C212BCBF2250475E00C624A7 /* RxCocoa.framework in Frameworks */,
				C212BC9E225002D500C624A7 /* Alamofire.framework in Frameworks */,
				C212BC9F225002D500C624A7 /* SnapKit.framework in Frameworks */,
				1CD77DADF868C089F1AD1BA0 /* Pods_moviego_ios.framework in Frameworks */,
			);
			runOnlyForDeploymentPostprocessing = 0;
		};
		C212BC6A224FC4C100C624A7 /* Frameworks */ = {
			isa = PBXFrameworksBuildPhase;
			buildActionMask = 2147483647;
			files = (
			);
			runOnlyForDeploymentPostprocessing = 0;
		};
/* End PBXFrameworksBuildPhase section */

/* Begin PBXGroup section */
		2D9FE7A8F1CB3A24053EB5F6 /* Pods */ = {
			isa = PBXGroup;
			children = (
				714178FBA904447304E10E73 /* Pods-moviego-ios.debug.xcconfig */,
				065CD81856D464FE9274FA2B /* Pods-moviego-ios.production.xcconfig */,
				CD5853AE2A03E0C9B6969ED1 /* Pods-moviego-ios.beta.xcconfig */,
				C9F82BCC923BFCAABAED12FA /* Pods-moviego-iosUITests.debug.xcconfig */,
				5D981CEF68229ACF8544477C /* Pods-moviego-iosUITests.production.xcconfig */,
				97338950936FA0C4CF8B0169 /* Pods-moviego-iosUITests.beta.xcconfig */,
				1208531ACDFE9F70ACF977E4 /* Pods-moviego-ios.release.xcconfig */,
			);
			path = Pods;
			sourceTree = "<group>";
		};
		AA2D6159C38A722E5FA71F43 /* Frameworks */ = {
			isa = PBXGroup;
			children = (
				C2DF15512280BF500071A9FB /* RxRelay.framework */,
				C2DF154F227F8AFA0071A9FB /* RxCoreLocation.framework */,
				C2DF154D227F82440071A9FB /* AlamofireImage.framework */,
				C224E182225BDE0800A4AE37 /* ACKategories.framework */,
				C212BCE92251497D00C624A7 /* Pods_ios_skeleton.framework */,
				C212BCE62251371B00C624A7 /* RxAtomic.framework */,
				C212BCDD225126FA00C624A7 /* RxAlamofire.framework */,
				C212BCDA2251247100C624A7 /* Reqres.framework */,
				C212BCD52250E98D00C624A7 /* RxSwiftExt.framework */,
				C212BCBD2250475E00C624A7 /* RxCocoa.framework */,
				C212BCBC2250475E00C624A7 /* RxSwift.framework */,
				C212BC9C225002D500C624A7 /* Alamofire.framework */,
				C212BC9D225002D500C624A7 /* SnapKit.framework */,
				6CC92737F32EA1C1AAD0C261 /* Pods_ios_skeleton.framework */,
				C07042668D445943B41D986B /* Pods_ios_skeletonUITests.framework */,
				300592F8A601A1E85853C83F /* Pods_moviego_ios.framework */,
			);
			name = Frameworks;
			sourceTree = "<group>";
		};
		C212BC38224FBB2000C624A7 = {
			isa = PBXGroup;
			children = (
				C212BC8C224FEB2C00C624A7 /* Tools */,
				C212BC83224FD20300C624A7 /* Gemfile */,
				C212BC81224FD1E700C624A7 /* Podfile */,
				C212BC7B224FD13700C624A7 /* Cartfile */,
				C212BC64224FC2D600C624A7 /* Environment */,
				C212BC43224FBB2000C624A7 /* moviego-ios */,
				C212BC6E224FC4C100C624A7 /* Tests */,
				C212BC42224FBB2000C624A7 /* Products */,
				2D9FE7A8F1CB3A24053EB5F6 /* Pods */,
				AA2D6159C38A722E5FA71F43 /* Frameworks */,
			);
			sourceTree = "<group>";
		};
		C212BC42224FBB2000C624A7 /* Products */ = {
			isa = PBXGroup;
			children = (
				C212BC41224FBB2000C624A7 /* moviego-ios.app */,
				C212BC6D224FC4C100C624A7 /* UnitTests.xctest */,
			);
			name = Products;
			sourceTree = "<group>";
		};
		C212BC43224FBB2000C624A7 /* moviego-ios */ = {
			isa = PBXGroup;
			children = (
				C212BCB9225037DC00C624A7 /* DI */,
				C212BCB72250365100C624A7 /* Base */,
				C212BCB02250351700C624A7 /* Model */,
				C212BCB4225035E500C624A7 /* Flows */,
				C212BCEF225158AB00C624A7 /* Extensions */,
				C212BCB52250361300C624A7 /* View */,
				C212BCB82250366500C624A7 /* Theme */,
				C212BC85224FE67B00C624A7 /* Resources */,
				C212BC44224FBB2000C624A7 /* AppDelegate.swift */,
				C212BC46224FBB2000C624A7 /* ViewController.swift */,
			);
			path = "moviego-ios";
			sourceTree = "<group>";
		};
		C212BC64224FC2D600C624A7 /* Environment */ = {
			isa = PBXGroup;
			children = (
				C212BCA022500B1900C624A7 /* Generated */,
				C212BC66224FC30800C624A7 /* Development */,
				C212BC68224FC31D00C624A7 /* Stage */,
				C212BC67224FC31100C624A7 /* Production */,
				C212BC65224FC2FA00C624A7 /* Current */,
				C212BC50224FBB2200C624A7 /* Info.plist */,
			);
			path = Environment;
			sourceTree = "<group>";
		};
		C212BC65224FC2FA00C624A7 /* Current */ = {
			isa = PBXGroup;
			children = (
				C23EEBA2227A3E4200A95185 /* environment.plist */,
			);
			path = Current;
			sourceTree = "<group>";
		};
		C212BC66224FC30800C624A7 /* Development */ = {
			isa = PBXGroup;
			children = (
				C212BC98224FFB1F00C624A7 /* environment.plist */,
			);
			path = Development;
			sourceTree = "<group>";
		};
		C212BC67224FC31100C624A7 /* Production */ = {
			isa = PBXGroup;
			children = (
				C212BCA422500CBB00C624A7 /* environment.plist */,
			);
			path = Production;
			sourceTree = "<group>";
		};
		C212BC68224FC31D00C624A7 /* Stage */ = {
			isa = PBXGroup;
			children = (
				C212BCA222500CB000C624A7 /* environment.plist */,
			);
			path = Stage;
			sourceTree = "<group>";
		};
		C212BC6E224FC4C100C624A7 /* Tests */ = {
			isa = PBXGroup;
			children = (
				C212BC6F224FC4C100C624A7 /* UnitTests.swift */,
				C212BC71224FC4C100C624A7 /* Info.plist */,
			);
			path = Tests;
			sourceTree = "<group>";
		};
		C212BC85224FE67B00C624A7 /* Resources */ = {
			isa = PBXGroup;
			children = (
				C212BCA122500B2100C624A7 /* Generated */,
				C212BC86224FE6F700C624A7 /* Base.lproj */,
				C212BC4B224FBB2200C624A7 /* Images.xcassets */,
				C243CC432274E6B900B68DC5 /* colors.json */,
				C23EEB9A2278D16E00A95185 /* LaunchScreen.storyboard */,
			);
			path = Resources;
			sourceTree = "<group>";
		};
		C212BC8C224FEB2C00C624A7 /* Tools */ = {
			isa = PBXGroup;
			children = (
				C212BC8D224FEB5200C624A7 /* generate_preprocess_header.sh */,
			);
			path = Tools;
			sourceTree = "<group>";
		};
		C212BCA022500B1900C624A7 /* Generated */ = {
			isa = PBXGroup;
			children = (
				C212BCA8225024D400C624A7 /* Environment.swift */,
			);
			path = Generated;
			sourceTree = "<group>";
		};
		C212BCA122500B2100C624A7 /* Generated */ = {
			isa = PBXGroup;
			children = (
				C243CC452274E8FD00B68DC5 /* Colors.swift */,
				C212BCAA2250325C00C624A7 /* LocalizedStrings.swift */,
				C212BCA6225023FB00C624A7 /* Assets.swift */,
			);
			path = Generated;
			sourceTree = "<group>";
		};
		C212BCB02250351700C624A7 /* Model */ = {
			isa = PBXGroup;
			children = (
				C212BCB1225035B200C624A7 /* Api */,
				C212BCF4225166BB00C624A7 /* Entities */,
				C212BCDC2251249B00C624A7 /* Network */,
				C212BCB2225035B900C624A7 /* Repositories */,
				C212BCF72251674C00C624A7 /* Util */,
			);
			path = Model;
			sourceTree = "<group>";
		};
		C212BCB1225035B200C624A7 /* Api */ = {
			isa = PBXGroup;
			children = (
				F5FCCCB12256469200640F2A /* OAuthApiService.swift */,
				C243CC3A226B33F900B68DC5 /* CityApiService.swift */,
				C23EEBB0227CCDAE00A95185 /* CinemaApiService.swift */,
			);
			path = Api;
			sourceTree = "<group>";
		};
		C212BCB2225035B900C624A7 /* Repositories */ = {
			isa = PBXGroup;
			children = (
				C212BCF222515DD500C624A7 /* UserRepository.swift */,
				C212BCEB225151AC00C624A7 /* CredentialsProvider.swift */,
				C264983E227D99FB0037AF48 /* CinemaRepository.swift */,
				C29C626922849F9400FD0876 /* PromotionRepository.swift */,
			);
			path = Repositories;
			sourceTree = "<group>";
		};
		C212BCB4225035E500C624A7 /* Flows */ = {
			isa = PBXGroup;
			children = (
				C2310C6A22A6FE5E00729B93 /* Promotion */,
				C27A468C229C675400068FC3 /* Movie */,
				C23AFA182297203900CC753D /* Dashboard */,
				C2649836227D95950037AF48 /* Cinemas */,
				C2C52ED0225E4200009A6D93 /* City */,
				C2C52EBF225E386A009A6D93 /* Main */,
				C2C52EB8225E34EF009A6D93 /* Profile */,
				C2C52EB7225E3450009A6D93 /* Sessions */,
				C24400CC225CD438001C88A1 /* Registration */,
				C24400C0225C9C51001C88A1 /* Login */,
				C24400E1225D0778001C88A1 /* AppCoordinator.swift */,
			);
			path = Flows;
			sourceTree = "<group>";
		};
		C212BCB52250361300C624A7 /* View */ = {
			isa = PBXGroup;
			children = (
				C249D6CB22987F3900FBD0BC /* CollectionViewCells */,
				C249D6C42298627100FBD0BC /* Compoents */,
				C212BCF82251694D00C624A7 /* Base */,
				C212BCCA2250524800C624A7 /* TableViewCells */,
				C243CC3F226BB7FD00B68DC5 /* FramedTextField.swift */,
				C23EEB9C2279D26100A95185 /* LoadingView.swift */,
			);
			path = View;
			sourceTree = "<group>";
		};
		C212BCB72250365100C624A7 /* Base */ = {
			isa = PBXGroup;
			children = (
				C2EF8E252298BCFB00AE10F1 /* View */,
				C2DF87722293377000694A28 /* Controller */,
				C212BCFF22516AA800C624A7 /* BaseViewModel.swift */,
				C228EEFE22834913004C19EE /* ProfileAccessoryController.swift */,
			);
			path = Base;
			sourceTree = "<group>";
		};
		C212BCB82250366500C624A7 /* Theme */ = {
			isa = PBXGroup;
			children = (
				C243CC412274E27400B68DC5 /* TextTheme.swift */,
				C243CC472274E93200B68DC5 /* UIElementTheme.swift */,
				C2DF8770229334C500694A28 /* ColorTheme.swift */,
			);
			path = Theme;
			sourceTree = "<group>";
		};
		C212BCB9225037DC00C624A7 /* DI */ = {
			isa = PBXGroup;
			children = (
				C212BCCF2250D81F00C624A7 /* ModelDependency.swift */,
				C212BCD12250DB9E00C624A7 /* ViewModelFactories.swift */,
			);
			path = DI;
			sourceTree = "<group>";
		};
		C212BCCA2250524800C624A7 /* TableViewCells */ = {
			isa = PBXGroup;
			children = (
				C216F52C2275C045001EB291 /* CityCell.swift */,
				C2649842227E1FFC0037AF48 /* ShowtimeSearchCell.swift */,
				C23AFA162297160300CC753D /* MovieCell.swift */,
				C249D6C72298641E00FBD0BC /* SuggestSessionsCell.swift */,
			);
			path = TableViewCells;
			sourceTree = "<group>";
		};
		C212BCDC2251249B00C624A7 /* Network */ = {
			isa = PBXGroup;
			children = (
				C212BCDF22512CBF00C624A7 /* Network.swift */,
				C212BCE122512EC800C624A7 /* ApiInteractor.swift */,
			);
			path = Network;
			sourceTree = "<group>";
		};
		C212BCEF225158AB00C624A7 /* Extensions */ = {
			isa = PBXGroup;
			children = (
				C267FFBA229AC434004BC1EE /* Rx */,
				C24400C7225CD214001C88A1 /* ViewDsl */,
				C212BCF0225158BD00C624A7 /* CollectionExtensions.swift */,
				F5FCCCAF22563B1C00640F2A /* DateExtensions.swift */,
				C24400DB225CFA73001C88A1 /* Copyable.swift */,
				C27BAD44226A3B420052BDA6 /* StringExtensions.swift */,
				C216F52A2275B238001EB291 /* UIKitExtensions.swift */,
			);
			path = Extensions;
			sourceTree = "<group>";
		};
		C212BCF4225166BB00C624A7 /* Entities */ = {
			isa = PBXGroup;
			children = (
				C212BCED225151E000C624A7 /* Credentials.swift */,
				C212BCF5225166D000C624A7 /* User.swift */,
				C23EEBA4227A4BC500A95185 /* City.swift */,
				C23EEBA6227B77B000A95185 /* Cinema.swift */,
				C23EEBA8227B790200A95185 /* Movie.swift */,
				C23EEBAA227B791400A95185 /* Session.swift */,
				C29C626B22849FE000FD0876 /* Promotion.swift */,
			);
			path = Entities;
			sourceTree = "<group>";
		};
		C212BCF72251674C00C624A7 /* Util */ = {
			isa = PBXGroup;
			children = (
				C228EF0022834A1C004C19EE /* CloudinaryExtensions.swift */,
				C267FFC3229B3A48004BC1EE /* PagedFetcher.swift */,
			);
			path = Util;
			sourceTree = "<group>";
		};
		C212BCF82251694D00C624A7 /* Base */ = {
			isa = PBXGroup;
			children = (
				C212BCD822511AF000C624A7 /* BaseTableViewCell.swift */,
				C249D6CE22987F9000FBD0BC /* BaseCollectionViewCell.swift */,
			);
			path = Base;
			sourceTree = "<group>";
		};
		C2310C6A22A6FE5E00729B93 /* Promotion */ = {
			isa = PBXGroup;
			children = (
				C209A6A222A7BA2E003368E7 /* PromotionViewController.swift */,
			);
			path = Promotion;
			sourceTree = "<group>";
		};
		C23AFA182297203900CC753D /* Dashboard */ = {
			isa = PBXGroup;
			children = (
				C23AFA192297204900CC753D /* DashboardViewController.swift */,
				C23AFA1B2297207400CC753D /* DashboardViewModel.swift */,
				C23AFA1D2297376B00CC753D /* DashboardCoordinator.swift */,
			);
			path = Dashboard;
			sourceTree = "<group>";
		};
		C243CC3C226B3A9200B68DC5 /* ViewModels */ = {
			isa = PBXGroup;
			children = (
				C216F52E2275CD12001EB291 /* ChooseCityViewModel.swift */,
				C2C52ED3225E4243009A6D93 /* ChangeCityViewModel.swift */,
				C243CC3D226B3AC100B68DC5 /* RegisterCityViewModel.swift */,
			);
			path = ViewModels;
			sourceTree = "<group>";
		};
		C24400C0225C9C51001C88A1 /* Login */ = {
			isa = PBXGroup;
			children = (
				C24400C1225C9C73001C88A1 /* LoginViewController.swift */,
				C24400C5225CD1E2001C88A1 /* LoginView.swift */,
				C24400CA225CD276001C88A1 /* LoginViewModel.swift */,
				C24400DF225D063B001C88A1 /* LoginCoordinator.swift */,
			);
			path = Login;
			sourceTree = "<group>";
		};
		C24400C7225CD214001C88A1 /* ViewDsl */ = {
			isa = PBXGroup;
			children = (
				C24400C8225CD222001C88A1 /* ViewDsl.swift */,
				C23EEB9E2279D3CE00A95185 /* CustomComponentDsl.swift */,
			);
			path = ViewDsl;
			sourceTree = "<group>";
		};
		C24400CC225CD438001C88A1 /* Registration */ = {
			isa = PBXGroup;
			children = (
				C24400CD225CD560001C88A1 /* User */,
				C24400D9225CF7F5001C88A1 /* RegistrationRepository.swift */,
				C24400DD225CFDE1001C88A1 /* RegistrationCoordinator.swift */,
			);
			path = Registration;
			sourceTree = "<group>";
		};
		C24400CD225CD560001C88A1 /* User */ = {
			isa = PBXGroup;
			children = (
				C216F52822752B9F001EB291 /* RegisterUserView.swift */,
				C24400CE225CD57B001C88A1 /* RegisterUserViewController.swift */,
				C24400D2225CD72C001C88A1 /* RegisterUserViewModel.swift */,
			);
			path = User;
			sourceTree = "<group>";
		};
		C249D6C42298627100FBD0BC /* Compoents */ = {
			isa = PBXGroup;
			children = (
				C249D6C52298629500FBD0BC /* MovieRatingView.swift */,
				C249D6C922987C8C00FBD0BC /* SessionSuggestView.swift */,
			);
			path = Compoents;
			sourceTree = "<group>";
		};
		C249D6CB22987F3900FBD0BC /* CollectionViewCells */ = {
			isa = PBXGroup;
			children = (
				C249D6CC22987F5E00FBD0BC /* SuggestedSessionCell.swift */,
			);
			path = CollectionViewCells;
			sourceTree = "<group>";
		};
		C2649836227D95950037AF48 /* Cinemas */ = {
			isa = PBXGroup;
			children = (
				C29C62622284946400FD0876 /* Detail */,
				C2649837227D96330037AF48 /* Map */,
				C2CA247522A2D01400C6A81B /* CinemaCoordinator.swift */,
			);
			path = Cinemas;
			sourceTree = "<group>";
		};
		C2649837227D96330037AF48 /* Map */ = {
			isa = PBXGroup;
			children = (
				C2F86D6022947121001D9878 /* Util */,
				C2649838227D96460037AF48 /* CinemaMapViewController.swift */,
				C264983A227D96540037AF48 /* CinemaMapViewModel.swift */,
				C26873E8229DE18F00A22931 /* CinemaMapView.swift */,
			);
			path = Map;
			sourceTree = "<group>";
		};
		C2649844227F6A600037AF48 /* Detail */ = {
			isa = PBXGroup;
			children = (
				C29C625C2284920D00FD0876 /* SessionDetailViewController.swift */,
				C28812BD2284065B006D2120 /* SessionDetailView.swift */,
				C28812BF22848CBE006D2120 /* SessionDetailViewModel.swift */,
			);
			path = Detail;
			sourceTree = "<group>";
		};
		C267FFBA229AC434004BC1EE /* Rx */ = {
			isa = PBXGroup;
			children = (
				C267FFBB229AC454004BC1EE /* State.swift */,
				C267FFBD229AD86C004BC1EE /* RxState.swift */,
				C267FFBF229ADBED004BC1EE /* RxExtensions.swift */,
			);
			path = Rx;
			sourceTree = "<group>";
		};
		C29C62622284946400FD0876 /* Detail */ = {
			isa = PBXGroup;
			children = (
				C29C62632284948F00FD0876 /* CinemaDetailViewController.swift */,
				C29C6265228494A100FD0876 /* CinemaDetailViewModel.swift */,
				C2CA247722A2E52100C6A81B /* CinemaDetailHeaderView.swift */,
			);
			path = Detail;
			sourceTree = "<group>";
		};
		C2C52EB7225E3450009A6D93 /* Sessions */ = {
			isa = PBXGroup;
			children = (
				C2649844227F6A600037AF48 /* Detail */,
			);
			path = Sessions;
			sourceTree = "<group>";
		};
		C2C52EB8225E34EF009A6D93 /* Profile */ = {
			isa = PBXGroup;
			children = (
				C2C52EB9225E3547009A6D93 /* ProfileViewController.swift */,
				C2C52EBB225E3623009A6D93 /* ProfileCoordinator.swift */,
				C2C52EBD225E3682009A6D93 /* ProfileViewModel.swift */,
			);
			path = Profile;
			sourceTree = "<group>";
		};
		C2C52EBF225E386A009A6D93 /* Main */ = {
			isa = PBXGroup;
			children = (
				C2C52EC0225E3880009A6D93 /* MainCoordinator.swift */,
			);
			path = Main;
			sourceTree = "<group>";
		};
		C2C52ED0225E4200009A6D93 /* City */ = {
			isa = PBXGroup;
			children = (
				C243CC3C226B3A9200B68DC5 /* ViewModels */,
				C2C52ED1225E4211009A6D93 /* ChooseCityViewController.swift */,
			);
			path = City;
			sourceTree = "<group>";
		};
		C2CA247B22A311F800C6A81B /* Movie */ = {
			isa = PBXGroup;
			children = (
				C251AFBF22A312D100B6678E /* MovieDetailViewController.swift */,
				C251AFC122A3134000B6678E /* MovieDetailViewModel.swift */,
			);
			path = Movie;
			sourceTree = "<group>";
		};
		C2DF87722293377000694A28 /* Controller */ = {
			isa = PBXGroup;
			children = (
				C212BCF92251697700C624A7 /* BaseViewController.swift */,
				C28812B722836563006D2120 /* BaseNavigationController.swift */,
			);
			path = Controller;
			sourceTree = "<group>";
		};
		C2EF8E252298BCFB00AE10F1 /* View */ = {
			isa = PBXGroup;
			children = (
				C212BCFB225169B100C624A7 /* BaseListView.swift */,
				C24400C3225CCBA8001C88A1 /* BaseView.swift */,
				C23EEBA0227A01E400A95185 /* BaseScrollView.swift */,
				C2649840227DB2170037AF48 /* BaseMapView.swift */,
				C2F7409C22997D8C00E55F25 /* BaseShadowedView.swift */,
			);
			path = View;
			sourceTree = "<group>";
		};
		C2F86D6022947121001D9878 /* Util */ = {
			isa = PBXGroup;
			children = (
				C228EEFC2282F36A004C19EE /* CinemaAnnotation.swift */,
				C26873EA229DE54C00A22931 /* CinemaBottomSheetView.swift */,
				C261C8C922A6B41800D9096C /* PromotionAnnotation.swift */,
				C2F86D5E22946B62001D9878 /* PromotionCalloutView.swift */,
				C209A6A022A72122003368E7 /* PromotionAnnotationView.swift */,
			);
			path = Util;
			sourceTree = "<group>";
		};
/* End PBXGroup section */

/* Begin PBXNativeTarget section */
		C212BC40224FBB2000C624A7 /* moviego-ios */ = {
			isa = PBXNativeTarget;
			buildConfigurationList = C212BC5E224FBB2200C624A7 /* Build configuration list for PBXNativeTarget "moviego-ios" */;
			buildPhases = (
				2F444421990D678D8F540329 /* [CP] Check Pods Manifest.lock */,
				C212BC9A224FFB7B00C624A7 /* Environment */,
				C212BC89224FE8B100C624A7 /* SwiftGen */,
				C212BC3D224FBB2000C624A7 /* Sources */,
				C212BC3E224FBB2000C624A7 /* Frameworks */,
				C212BC3F224FBB2000C624A7 /* Resources */,
				D75EC136B8F2B05DF3D002B7 /* [CP] Embed Pods Frameworks */,
				C212BC88224FE83500C624A7 /* Carthage */,
			);
			buildRules = (
			);
			dependencies = (
			);
			name = "moviego-ios";
			productName = "moviego-ios";
			productReference = C212BC41224FBB2000C624A7 /* moviego-ios.app */;
			productType = "com.apple.product-type.application";
		};
		C212BC6C224FC4C100C624A7 /* UnitTests */ = {
			isa = PBXNativeTarget;
			buildConfigurationList = C212BC74224FC4C100C624A7 /* Build configuration list for PBXNativeTarget "UnitTests" */;
			buildPhases = (
				C212BC69224FC4C100C624A7 /* Sources */,
				C212BC6A224FC4C100C624A7 /* Frameworks */,
				C212BC6B224FC4C100C624A7 /* Resources */,
			);
			buildRules = (
			);
			dependencies = (
				C212BC73224FC4C100C624A7 /* PBXTargetDependency */,
			);
			name = UnitTests;
			productName = UnitTests;
			productReference = C212BC6D224FC4C100C624A7 /* UnitTests.xctest */;
			productType = "com.apple.product-type.bundle.unit-test";
		};
/* End PBXNativeTarget section */

/* Begin PBXProject section */
		C212BC39224FBB2000C624A7 /* Project object */ = {
			isa = PBXProject;
			attributes = {
				LastSwiftUpdateCheck = 1020;
				LastUpgradeCheck = 1020;
				ORGANIZATIONNAME = "Vlad Gorbunov";
				TargetAttributes = {
					C212BC40224FBB2000C624A7 = {
						CreatedOnToolsVersion = 10.2;
					};
					C212BC6C224FC4C100C624A7 = {
						CreatedOnToolsVersion = 10.2;
						TestTargetID = C212BC40224FBB2000C624A7;
					};
					C267FFB4229AB3F1004BC1EE = {
						CreatedOnToolsVersion = 10.2.1;
					};
				};
			};
			buildConfigurationList = C212BC3C224FBB2000C624A7 /* Build configuration list for PBXProject "moviego-ios" */;
			compatibilityVersion = "Xcode 9.3";
			developmentRegion = en;
			hasScannedForEncodings = 0;
			knownRegions = (
				en,
				Base,
			);
			mainGroup = C212BC38224FBB2000C624A7;
			productRefGroup = C212BC42224FBB2000C624A7 /* Products */;
			projectDirPath = "";
			projectRoot = "";
			targets = (
				C212BC40224FBB2000C624A7 /* moviego-ios */,
				C212BC6C224FC4C100C624A7 /* UnitTests */,
				C267FFB4229AB3F1004BC1EE /* Localization */,
			);
		};
/* End PBXProject section */

/* Begin PBXResourcesBuildPhase section */
		C212BC3F224FBB2000C624A7 /* Resources */ = {
			isa = PBXResourcesBuildPhase;
			buildActionMask = 2147483647;
			files = (
				C23EEB9B2278D16E00A95185 /* LaunchScreen.storyboard in Resources */,
				C212BC84224FD20300C624A7 /* Gemfile in Resources */,
				C212BC82224FD1E700C624A7 /* Podfile in Resources */,
				C212BC8E224FEB5200C624A7 /* generate_preprocess_header.sh in Resources */,
				C212BC4C224FBB2200C624A7 /* Images.xcassets in Resources */,
				C212BC87224FE6F700C624A7 /* Base.lproj in Resources */,
				C243CC442274E6B900B68DC5 /* colors.json in Resources */,
				C212BC7C224FD13700C624A7 /* Cartfile in Resources */,
				C23EEBA3227A3E4200A95185 /* environment.plist in Resources */,
			);
			runOnlyForDeploymentPostprocessing = 0;
		};
		C212BC6B224FC4C100C624A7 /* Resources */ = {
			isa = PBXResourcesBuildPhase;
			buildActionMask = 2147483647;
			files = (
			);
			runOnlyForDeploymentPostprocessing = 0;
		};
/* End PBXResourcesBuildPhase section */

/* Begin PBXShellScriptBuildPhase section */
		2F444421990D678D8F540329 /* [CP] Check Pods Manifest.lock */ = {
			isa = PBXShellScriptBuildPhase;
			buildActionMask = 2147483647;
			files = (
			);
			inputFileListPaths = (
			);
			inputPaths = (
				"${PODS_PODFILE_DIR_PATH}/Podfile.lock",
				"${PODS_ROOT}/Manifest.lock",
			);
			name = "[CP] Check Pods Manifest.lock";
			outputFileListPaths = (
			);
			outputPaths = (
				"$(DERIVED_FILE_DIR)/Pods-moviego-ios-checkManifestLockResult.txt",
			);
			runOnlyForDeploymentPostprocessing = 0;
			shellPath = /bin/sh;
			shellScript = "diff \"${PODS_PODFILE_DIR_PATH}/Podfile.lock\" \"${PODS_ROOT}/Manifest.lock\" > /dev/null\nif [ $? != 0 ] ; then\n    # print error to STDERR\n    echo \"error: The sandbox is not in sync with the Podfile.lock. Run 'pod install' or update your CocoaPods installation.\" >&2\n    exit 1\nfi\n# This output is used by Xcode 'outputs' to avoid re-running this script phase.\necho \"SUCCESS\" > \"${SCRIPT_OUTPUT_FILE_0}\"\n";
			showEnvVarsInLog = 0;
		};
		C212BC88224FE83500C624A7 /* Carthage */ = {
			isa = PBXShellScriptBuildPhase;
			buildActionMask = 2147483647;
			files = (
			);
			inputFileListPaths = (
				"$(SRCROOT)/Carthage/xcfilelists/moviego-ios-inputPaths.xcfilelist",
			);
			inputPaths = (
			);
			name = Carthage;
			outputFileListPaths = (
				"$(SRCROOT)/Carthage/xcfilelists/moviego-ios-outputPaths.xcfilelist",
			);
			outputPaths = (
			);
			runOnlyForDeploymentPostprocessing = 0;
			shellPath = /bin/sh;
			shellScript = "/usr/local/bin/carthage copy-frameworks\n";
			showEnvVarsInLog = 0;
		};
		C212BC89224FE8B100C624A7 /* SwiftGen */ = {
			isa = PBXShellScriptBuildPhase;
			buildActionMask = 2147483647;
			files = (
			);
			inputFileListPaths = (
			);
			inputPaths = (
				"${PROJECT_DIR}/${TARGET_NAME}/Resources/Base.lproj/Localizable.strings",
				"${PROJECT_DIR}/${TARGET_NAME}/Resources/Images.xcassets",
				"$(ENVIRONMENT_DIR)/Current/environment.plist",
				"${PROJECT_DIR}/${TARGET_NAME}/Resources/colors.json",
			);
			name = SwiftGen;
			outputFileListPaths = (
			);
			outputPaths = (
				"${PROJECT_DIR}/${TARGET_NAME}/Resources/Generated/LocalizedStrings.swift",
				"${PROJECT_DIR}/${TARGET_NAME}/Resources/Generated/Assets.swift",
				"${PROJECT_DIR}/Environment/Generated/Environment.swift",
				"${PROJECT_DIR}/${TARGET_NAME}/Resources/Generated/Colors.swift",
			);
			runOnlyForDeploymentPostprocessing = 0;
			shellPath = /bin/sh;
			shellScript = "export PATH=\"${PODS_ROOT}/SwiftGen/bin:$PATH\"\n\nSTR_SRC_FILE=\"${SCRIPT_INPUT_FILE_0}\"\nIMG_SRC_FILE=\"${SCRIPT_INPUT_FILE_1}\"\nPLIST_SRC_FILE=\"${SCRIPT_INPUT_FILE_2}\"\nCLRS_SRC_FILE=\"${SCRIPT_INPUT_FILE_3}\"\n\n\ntouch \"$STR_SRC_FILE\"\ntouch \"$IMG_SRC_FILE\"\n\nswiftgen strings -t structured-swift4 \"$STR_SRC_FILE\" -o \"${SCRIPT_OUTPUT_FILE_0}\"\necho $?\n\nswiftgen xcassets -t swift4 \"$IMG_SRC_FILE\" -o \"${SCRIPT_OUTPUT_FILE_1}\"\necho $?\n\nswiftgen plist -t runtime-swift4 \"$PLIST_SRC_FILE\" -o \"${SCRIPT_OUTPUT_FILE_2}\" --param enumName=\"Environment\"\necho $?\n\nswiftgen colors -t swift4 \"$CLRS_SRC_FILE\" -o \"${SCRIPT_OUTPUT_FILE_3}\"\necho $?\n";
		};
		C212BC9A224FFB7B00C624A7 /* Environment */ = {
			isa = PBXShellScriptBuildPhase;
			buildActionMask = 2147483647;
			files = (
			);
			inputFileListPaths = (
			);
			inputPaths = (
			);
			name = Environment;
			outputFileListPaths = (
			);
			outputPaths = (
				"$(ENVIRONMENT_DIR)/Current/environment.plist",
			);
			runOnlyForDeploymentPostprocessing = 0;
			shellPath = /bin/sh;
			shellScript = "CURRENT_ENV_FILE=\"${ENVIRONMENT_DIR}/.current\"\nENVIRONMENT=`cat ${CURRENT_ENV_FILE} || echo \"Development\"`\nSELECTED_ENV_DIR=\"${ENVIRONMENT_DIR}/${ENVIRONMENT}\"\nCURRENT_ENV_DIR=\"${ENVIRONMENT_DIR}/Current\"\n\nrm -rf \"${CURRENT_ENV_DIR}\"\ncp -r \"${SELECTED_ENV_DIR}\" \"${CURRENT_ENV_DIR}\"\ntouch \"${INFOPLIST_FILE}\"\ntouch \"$CURRENT_ENV_DIR\"\n";
		};
		C267FFB9229AB40A004BC1EE /* ShellScript */ = {
			isa = PBXShellScriptBuildPhase;
			buildActionMask = 2147483647;
			files = (
			);
			inputFileListPaths = (
			);
			inputPaths = (
			);
			outputFileListPaths = (
			);
			outputPaths = (
			);
			runOnlyForDeploymentPostprocessing = 0;
			shellPath = /bin/sh;
			shellScript = "# Type a script or drag a script file from your workspace to insert its path.\n\n\"$PROJECT_DIR/Pods/ACKLocalization/Localization\" \"1vRhJKJSUDhJCv1hv2zpwThQxKwBEOu5h8mX2zXJohcgueVwYUx0kcRSoIZH2CK3bmY2HV_8xsqaMHiJ\" \"key_ios\" '{\"EN\": \"Base\"}' \"$PROJECT_DIR/moviego-ios/Resources\" \"Localizable.strings\" \n";
		};
		D75EC136B8F2B05DF3D002B7 /* [CP] Embed Pods Frameworks */ = {
			isa = PBXShellScriptBuildPhase;
			buildActionMask = 2147483647;
			files = (
			);
			inputFileListPaths = (
			);
			inputPaths = (
				"${PODS_ROOT}/Target Support Files/Pods-moviego-ios/Pods-moviego-ios-frameworks.sh",
				"${BUILT_PRODUCTS_DIR}/Alamofire/Alamofire.framework",
				"${BUILT_PRODUCTS_DIR}/Cloudinary/Cloudinary.framework",
				"${BUILT_PRODUCTS_DIR}/Smartling.i18n/Smartling_i18n.framework",
			);
			name = "[CP] Embed Pods Frameworks";
			outputFileListPaths = (
			);
			outputPaths = (
				"${TARGET_BUILD_DIR}/${FRAMEWORKS_FOLDER_PATH}/Alamofire.framework",
				"${TARGET_BUILD_DIR}/${FRAMEWORKS_FOLDER_PATH}/Cloudinary.framework",
				"${TARGET_BUILD_DIR}/${FRAMEWORKS_FOLDER_PATH}/Smartling_i18n.framework",
			);
			runOnlyForDeploymentPostprocessing = 0;
			shellPath = /bin/sh;
			shellScript = "\"${PODS_ROOT}/Target Support Files/Pods-moviego-ios/Pods-moviego-ios-frameworks.sh\"\n";
			showEnvVarsInLog = 0;
		};
/* End PBXShellScriptBuildPhase section */

/* Begin PBXSourcesBuildPhase section */
		C212BC3D224FBB2000C624A7 /* Sources */ = {
			isa = PBXSourcesBuildPhase;
			buildActionMask = 2147483647;
			files = (
				C24400D3225CD72C001C88A1 /* RegisterUserViewModel.swift in Sources */,
				C251AFC222A3134000B6678E /* MovieDetailViewModel.swift in Sources */,
				C212BCD922511AF000C624A7 /* BaseTableViewCell.swift in Sources */,
				C2DF8771229334C500694A28 /* ColorTheme.swift in Sources */,
				C243CC422274E27400B68DC5 /* TextTheme.swift in Sources */,
				C261C8CA22A6B41800D9096C /* PromotionAnnotation.swift in Sources */,
				C23EEB9F2279D3CE00A95185 /* CustomComponentDsl.swift in Sources */,
				C228EF0122834A1C004C19EE /* CloudinaryExtensions.swift in Sources */,
				C24400DC225CFA73001C88A1 /* Copyable.swift in Sources */,
				C2C52ED4225E4243009A6D93 /* ChangeCityViewModel.swift in Sources */,
				C212BCEE225151E000C624A7 /* Credentials.swift in Sources */,
				C29C6266228494A100FD0876 /* CinemaDetailViewModel.swift in Sources */,
				C212BD0022516AA800C624A7 /* BaseViewModel.swift in Sources */,
				C249D6CD22987F5E00FBD0BC /* SuggestedSessionCell.swift in Sources */,
				C212BC47224FBB2000C624A7 /* ViewController.swift in Sources */,
				C2C52EC1225E3880009A6D93 /* MainCoordinator.swift in Sources */,
				C2F7409D22997D8C00E55F25 /* BaseShadowedView.swift in Sources */,
				C251AFC022A312D100B6678E /* MovieDetailViewController.swift in Sources */,
				C228EEFF22834913004C19EE /* ProfileAccessoryController.swift in Sources */,
				C24400CF225CD57B001C88A1 /* RegisterUserViewController.swift in Sources */,
				C28812C022848CBE006D2120 /* SessionDetailViewModel.swift in Sources */,
				C212BCA9225024D400C624A7 /* Environment.swift in Sources */,
				C216F52F2275CD12001EB291 /* ChooseCityViewModel.swift in Sources */,
				C216F52922752B9F001EB291 /* RegisterUserView.swift in Sources */,
				C216F52D2275C045001EB291 /* CityCell.swift in Sources */,
				C209A6A122A72122003368E7 /* PromotionAnnotationView.swift in Sources */,
				C28812BE2284065B006D2120 /* SessionDetailView.swift in Sources */,
				C24400CB225CD276001C88A1 /* LoginViewModel.swift in Sources */,
				C264983B227D96540037AF48 /* CinemaMapViewModel.swift in Sources */,
				C2CA247822A2E52100C6A81B /* CinemaDetailHeaderView.swift in Sources */,
				C249D6CA22987C8C00FBD0BC /* SessionSuggestView.swift in Sources */,
				C29C625D2284920D00FD0876 /* SessionDetailViewController.swift in Sources */,
				C249D6C62298629500FBD0BC /* MovieRatingView.swift in Sources */,
				C24400C2225C9C73001C88A1 /* LoginViewController.swift in Sources */,
				C267FFC0229ADBED004BC1EE /* RxExtensions.swift in Sources */,
				C212BCD22250DB9E00C624A7 /* ViewModelFactories.swift in Sources */,
				C212BCE022512CBF00C624A7 /* Network.swift in Sources */,
				C228EEFD2282F36A004C19EE /* CinemaAnnotation.swift in Sources */,
				C2649841227DB2170037AF48 /* BaseMapView.swift in Sources */,
				C264983F227D99FB0037AF48 /* CinemaRepository.swift in Sources */,
				C29C62642284948F00FD0876 /* CinemaDetailViewController.swift in Sources */,
				C23AFA1A2297204900CC753D /* DashboardViewController.swift in Sources */,
				C27BAD45226A3B420052BDA6 /* StringExtensions.swift in Sources */,
				C26873EB229DE54C00A22931 /* CinemaBottomSheetView.swift in Sources */,
				C24400DA225CF7F5001C88A1 /* RegistrationRepository.swift in Sources */,
				C23EEB9D2279D26100A95185 /* LoadingView.swift in Sources */,
				C212BCF322515DD500C624A7 /* UserRepository.swift in Sources */,
				C2C52ED2225E4211009A6D93 /* ChooseCityViewController.swift in Sources */,
				C212BCD02250D81F00C624A7 /* ModelDependency.swift in Sources */,
				C23EEBB1227CCDAE00A95185 /* CinemaApiService.swift in Sources */,
				C212BCEC225151AC00C624A7 /* CredentialsProvider.swift in Sources */,
				C24400E0225D063B001C88A1 /* LoginCoordinator.swift in Sources */,
				C2C52EBC225E3623009A6D93 /* ProfileCoordinator.swift in Sources */,
				C29C626A22849F9400FD0876 /* PromotionRepository.swift in Sources */,
				C24400DE225CFDE1001C88A1 /* RegistrationCoordinator.swift in Sources */,
				C23EEBA1227A01E400A95185 /* BaseScrollView.swift in Sources */,
				C243CC40226BB7FD00B68DC5 /* FramedTextField.swift in Sources */,
				C23EEBA7227B77B000A95185 /* Cinema.swift in Sources */,
				C212BC45224FBB2000C624A7 /* AppDelegate.swift in Sources */,
				C267FFBC229AC454004BC1EE /* State.swift in Sources */,
				C23EEBAB227B791400A95185 /* Session.swift in Sources */,
				C2C52EBE225E3682009A6D93 /* ProfileViewModel.swift in Sources */,
				C212BCA7225023FB00C624A7 /* Assets.swift in Sources */,
				C212BCE222512EC800C624A7 /* ApiInteractor.swift in Sources */,
				C243CC462274E8FE00B68DC5 /* Colors.swift in Sources */,
				C243CC3E226B3AC100B68DC5 /* RegisterCityViewModel.swift in Sources */,
				C23AFA1C2297207400CC753D /* DashboardViewModel.swift in Sources */,
				C212BCAB2250325C00C624A7 /* LocalizedStrings.swift in Sources */,
				C29C626C22849FE000FD0876 /* Promotion.swift in Sources */,
				C26873E9229DE18F00A22931 /* CinemaMapView.swift in Sources */,
				C2F86D5F22946B62001D9878 /* PromotionCalloutView.swift in Sources */,
				C267FFBE229AD86C004BC1EE /* RxState.swift in Sources */,
				C23EEBA9227B790200A95185 /* Movie.swift in Sources */,
				F5FCCCB022563B1C00640F2A /* DateExtensions.swift in Sources */,
				C212BCFA2251697700C624A7 /* BaseViewController.swift in Sources */,
				F5FCCCB22256469200640F2A /* OAuthApiService.swift in Sources */,
				C212BCF6225166D000C624A7 /* User.swift in Sources */,
				C2CA247622A2D01400C6A81B /* CinemaCoordinator.swift in Sources */,
				C212BCF1225158BD00C624A7 /* CollectionExtensions.swift in Sources */,
				C23AFA172297160300CC753D /* MovieCell.swift in Sources */,
				C2649839227D96460037AF48 /* CinemaMapViewController.swift in Sources */,
				C249D6C82298641E00FBD0BC /* SuggestSessionsCell.swift in Sources */,
				C24400C9225CD222001C88A1 /* ViewDsl.swift in Sources */,
				C2C52EBA225E3547009A6D93 /* ProfileViewController.swift in Sources */,
				C212BCFC225169B100C624A7 /* BaseListView.swift in Sources */,
				C27A468E229C676500068FC3 /* MovieViewController.swift in Sources */,
				C216F52B2275B238001EB291 /* UIKitExtensions.swift in Sources */,
				C243CC482274E93200B68DC5 /* UIElementTheme.swift in Sources */,
				C243CC3B226B33F900B68DC5 /* CityApiService.swift in Sources */,
				C24400C6225CD1E2001C88A1 /* LoginView.swift in Sources */,
				C2649843227E1FFC0037AF48 /* ShowtimeSearchCell.swift in Sources */,
				C249D6CF22987F9000FBD0BC /* BaseCollectionViewCell.swift in Sources */,
				C23EEBA5227A4BC500A95185 /* City.swift in Sources */,
				C267FFC4229B3A48004BC1EE /* PagedFetcher.swift in Sources */,
				C28812B822836563006D2120 /* BaseNavigationController.swift in Sources */,
				C24400E2225D0778001C88A1 /* AppCoordinator.swift in Sources */,
				C23AFA1E2297376B00CC753D /* DashboardCoordinator.swift in Sources */,
				C209A6A322A7BA2E003368E7 /* PromotionViewController.swift in Sources */,
				C24400C4225CCBA8001C88A1 /* BaseView.swift in Sources */,
			);
			runOnlyForDeploymentPostprocessing = 0;
		};
		C212BC69224FC4C100C624A7 /* Sources */ = {
			isa = PBXSourcesBuildPhase;
			buildActionMask = 2147483647;
			files = (
				C212BC70224FC4C100C624A7 /* UnitTests.swift in Sources */,
			);
			runOnlyForDeploymentPostprocessing = 0;
		};
/* End PBXSourcesBuildPhase section */

/* Begin PBXTargetDependency section */
		C212BC73224FC4C100C624A7 /* PBXTargetDependency */ = {
			isa = PBXTargetDependency;
			target = C212BC40224FBB2000C624A7 /* moviego-ios */;
			targetProxy = C212BC72224FC4C100C624A7 /* PBXContainerItemProxy */;
		};
/* End PBXTargetDependency section */

/* Begin XCBuildConfiguration section */
		C212BC5C224FBB2200C624A7 /* Debug */ = {
			isa = XCBuildConfiguration;
			buildSettings = {
				ALWAYS_SEARCH_USER_PATHS = NO;
				APP_VERSION = 1.0;
				CLANG_ANALYZER_NONNULL = YES;
				CLANG_ANALYZER_NUMBER_OBJECT_CONVERSION = YES_AGGRESSIVE;
				CLANG_CXX_LANGUAGE_STANDARD = "gnu++14";
				CLANG_CXX_LIBRARY = "libc++";
				CLANG_ENABLE_MODULES = YES;
				CLANG_ENABLE_OBJC_ARC = YES;
				CLANG_ENABLE_OBJC_WEAK = YES;
				CLANG_WARN_BLOCK_CAPTURE_AUTORELEASING = YES;
				CLANG_WARN_BOOL_CONVERSION = YES;
				CLANG_WARN_COMMA = YES;
				CLANG_WARN_CONSTANT_CONVERSION = YES;
				CLANG_WARN_DEPRECATED_OBJC_IMPLEMENTATIONS = YES;
				CLANG_WARN_DIRECT_OBJC_ISA_USAGE = YES_ERROR;
				CLANG_WARN_DOCUMENTATION_COMMENTS = YES;
				CLANG_WARN_EMPTY_BODY = YES;
				CLANG_WARN_ENUM_CONVERSION = YES;
				CLANG_WARN_INFINITE_RECURSION = YES;
				CLANG_WARN_INT_CONVERSION = YES;
				CLANG_WARN_NON_LITERAL_NULL_CONVERSION = YES;
				CLANG_WARN_OBJC_IMPLICIT_RETAIN_SELF = YES;
				CLANG_WARN_OBJC_LITERAL_CONVERSION = YES;
				CLANG_WARN_OBJC_ROOT_CLASS = YES_ERROR;
				CLANG_WARN_RANGE_LOOP_ANALYSIS = YES;
				CLANG_WARN_STRICT_PROTOTYPES = YES;
				CLANG_WARN_SUSPICIOUS_MOVE = YES;
				CLANG_WARN_UNGUARDED_AVAILABILITY = YES_AGGRESSIVE;
				CLANG_WARN_UNREACHABLE_CODE = YES;
				CLANG_WARN__DUPLICATE_METHOD_MATCH = YES;
				CODE_SIGN_IDENTITY = "iPhone Developer";
				COPY_PHASE_STRIP = NO;
				DEBUG_INFORMATION_FORMAT = dwarf;
				ENABLE_STRICT_OBJC_MSGSEND = YES;
				ENABLE_TESTABILITY = YES;
				ENVIRONMENT_DIR = "$(PROJECT_DIR)/Environment";
				GCC_C_LANGUAGE_STANDARD = gnu11;
				GCC_DYNAMIC_NO_PIC = NO;
				GCC_NO_COMMON_BLOCKS = YES;
				GCC_OPTIMIZATION_LEVEL = 0;
				GCC_PREPROCESSOR_DEFINITIONS = (
					"DEBUG=1",
					"$(inherited)",
				);
				GCC_WARN_64_TO_32_BIT_CONVERSION = YES;
				GCC_WARN_ABOUT_RETURN_TYPE = YES_ERROR;
				GCC_WARN_UNDECLARED_SELECTOR = YES;
				GCC_WARN_UNINITIALIZED_AUTOS = YES_AGGRESSIVE;
				GCC_WARN_UNUSED_FUNCTION = YES;
				GCC_WARN_UNUSED_VARIABLE = YES;
				IPHONEOS_DEPLOYMENT_TARGET = 12.0;
				MTL_ENABLE_DEBUG_INFO = INCLUDE_SOURCE;
				MTL_FAST_MATH = YES;
				ONLY_ACTIVE_ARCH = YES;
				SDKROOT = iphoneos;
				SWIFT_ACTIVE_COMPILATION_CONDITIONS = DEBUG;
				SWIFT_OPTIMIZATION_LEVEL = "-Onone";
			};
			name = Debug;
		};
		C212BC5D224FBB2200C624A7 /* Release */ = {
			isa = XCBuildConfiguration;
			buildSettings = {
				ALWAYS_SEARCH_USER_PATHS = NO;
				APP_VERSION = 1.0;
				CLANG_ANALYZER_NONNULL = YES;
				CLANG_ANALYZER_NUMBER_OBJECT_CONVERSION = YES_AGGRESSIVE;
				CLANG_CXX_LANGUAGE_STANDARD = "gnu++14";
				CLANG_CXX_LIBRARY = "libc++";
				CLANG_ENABLE_MODULES = YES;
				CLANG_ENABLE_OBJC_ARC = YES;
				CLANG_ENABLE_OBJC_WEAK = YES;
				CLANG_WARN_BLOCK_CAPTURE_AUTORELEASING = YES;
				CLANG_WARN_BOOL_CONVERSION = YES;
				CLANG_WARN_COMMA = YES;
				CLANG_WARN_CONSTANT_CONVERSION = YES;
				CLANG_WARN_DEPRECATED_OBJC_IMPLEMENTATIONS = YES;
				CLANG_WARN_DIRECT_OBJC_ISA_USAGE = YES_ERROR;
				CLANG_WARN_DOCUMENTATION_COMMENTS = YES;
				CLANG_WARN_EMPTY_BODY = YES;
				CLANG_WARN_ENUM_CONVERSION = YES;
				CLANG_WARN_INFINITE_RECURSION = YES;
				CLANG_WARN_INT_CONVERSION = YES;
				CLANG_WARN_NON_LITERAL_NULL_CONVERSION = YES;
				CLANG_WARN_OBJC_IMPLICIT_RETAIN_SELF = YES;
				CLANG_WARN_OBJC_LITERAL_CONVERSION = YES;
				CLANG_WARN_OBJC_ROOT_CLASS = YES_ERROR;
				CLANG_WARN_RANGE_LOOP_ANALYSIS = YES;
				CLANG_WARN_STRICT_PROTOTYPES = YES;
				CLANG_WARN_SUSPICIOUS_MOVE = YES;
				CLANG_WARN_UNGUARDED_AVAILABILITY = YES_AGGRESSIVE;
				CLANG_WARN_UNREACHABLE_CODE = YES;
				CLANG_WARN__DUPLICATE_METHOD_MATCH = YES;
				CODE_SIGN_IDENTITY = "iPhone Developer";
				COPY_PHASE_STRIP = NO;
				DEBUG_INFORMATION_FORMAT = "dwarf-with-dsym";
				ENABLE_NS_ASSERTIONS = NO;
				ENABLE_STRICT_OBJC_MSGSEND = YES;
				ENVIRONMENT_DIR = "$(PROJECT_DIR)/Environment";
				GCC_C_LANGUAGE_STANDARD = gnu11;
				GCC_NO_COMMON_BLOCKS = YES;
				GCC_WARN_64_TO_32_BIT_CONVERSION = YES;
				GCC_WARN_ABOUT_RETURN_TYPE = YES_ERROR;
				GCC_WARN_UNDECLARED_SELECTOR = YES;
				GCC_WARN_UNINITIALIZED_AUTOS = YES_AGGRESSIVE;
				GCC_WARN_UNUSED_FUNCTION = YES;
				GCC_WARN_UNUSED_VARIABLE = YES;
				IPHONEOS_DEPLOYMENT_TARGET = 12.0;
				MTL_ENABLE_DEBUG_INFO = NO;
				MTL_FAST_MATH = YES;
				SDKROOT = iphoneos;
				SWIFT_COMPILATION_MODE = wholemodule;
				SWIFT_OPTIMIZATION_LEVEL = "-O";
				VALIDATE_PRODUCT = YES;
			};
			name = Release;
		};
		C212BC5F224FBB2200C624A7 /* Debug */ = {
			isa = XCBuildConfiguration;
			baseConfigurationReference = 714178FBA904447304E10E73 /* Pods-moviego-ios.debug.xcconfig */;
			buildSettings = {
				APP_NAME = "MovieGo Dev";
				ASSETCATALOG_COMPILER_APPICON_NAME = AppIcon;
				CODE_SIGN_STYLE = Automatic;
				DEVELOPMENT_TEAM = P88J5J9T9W;
				FRAMEWORK_SEARCH_PATHS = (
					"$(inherited)",
					"$(PROJECT_DIR)/Carthage/Build/iOS",
				);
				INFOPLIST_FILE = Environment/Info.plist;
				IPHONEOS_DEPLOYMENT_TARGET = 12.0;
				LD_RUNPATH_SEARCH_PATHS = (
					"$(inherited)",
					"@executable_path/Frameworks",
				);
				PRODUCT_BUNDLE_IDENTIFIER = "me.gorbuvla.moviego-ios.dev";
				PRODUCT_NAME = "$(TARGET_NAME)";
				SWIFT_VERSION = 5.0;
				TARGETED_DEVICE_FAMILY = "1,2";
			};
			name = Debug;
		};
		C212BC60224FBB2200C624A7 /* Release */ = {
			isa = XCBuildConfiguration;
			baseConfigurationReference = 1208531ACDFE9F70ACF977E4 /* Pods-moviego-ios.release.xcconfig */;
			buildSettings = {
				APP_NAME = MovieGo;
				ASSETCATALOG_COMPILER_APPICON_NAME = AppIcon;
				CODE_SIGN_STYLE = Automatic;
				DEVELOPMENT_TEAM = P88J5J9T9W;
				FRAMEWORK_SEARCH_PATHS = (
					"$(inherited)",
					"$(PROJECT_DIR)/Carthage/Build/iOS",
				);
				INFOPLIST_FILE = Environment/Info.plist;
				IPHONEOS_DEPLOYMENT_TARGET = 12.0;
				LD_RUNPATH_SEARCH_PATHS = (
					"$(inherited)",
					"@executable_path/Frameworks",
				);
				PRODUCT_BUNDLE_IDENTIFIER = "me.gorbuvla.moviego-ios";
				PRODUCT_NAME = "$(TARGET_NAME)";
				SWIFT_VERSION = 5.0;
				TARGETED_DEVICE_FAMILY = "1,2";
			};
			name = Release;
		};
		C212BC75224FC4C100C624A7 /* Debug */ = {
			isa = XCBuildConfiguration;
			buildSettings = {
				BUNDLE_LOADER = "$(TEST_HOST)";
				CODE_SIGN_STYLE = Automatic;
				DEVELOPMENT_TEAM = P88J5J9T9W;
				INFOPLIST_FILE = UnitTests/Info.plist;
				LD_RUNPATH_SEARCH_PATHS = (
					"$(inherited)",
					"@executable_path/Frameworks",
					"@loader_path/Frameworks",
				);
				PRODUCT_BUNDLE_IDENTIFIER = me.gorbuvla.UnitTests;
				PRODUCT_NAME = "$(TARGET_NAME)";
				SWIFT_VERSION = 5.0;
				TARGETED_DEVICE_FAMILY = "1,2";
				TEST_HOST = "$(BUILT_PRODUCTS_DIR)/moviego-ios.app/moviego-ios";
			};
			name = Debug;
		};
		C212BC76224FC4C100C624A7 /* Release */ = {
			isa = XCBuildConfiguration;
			buildSettings = {
				BUNDLE_LOADER = "$(TEST_HOST)";
				CODE_SIGN_STYLE = Automatic;
				DEVELOPMENT_TEAM = P88J5J9T9W;
				INFOPLIST_FILE = UnitTests/Info.plist;
				LD_RUNPATH_SEARCH_PATHS = (
					"$(inherited)",
					"@executable_path/Frameworks",
					"@loader_path/Frameworks",
				);
				PRODUCT_BUNDLE_IDENTIFIER = me.gorbuvla.UnitTests;
				PRODUCT_NAME = "$(TARGET_NAME)";
				SWIFT_VERSION = 5.0;
				TARGETED_DEVICE_FAMILY = "1,2";
				TEST_HOST = "$(BUILT_PRODUCTS_DIR)/moviego-ios.app/moviego-ios";
			};
			name = Release;
		};
		C212BC77224FD0ED00C624A7 /* Beta */ = {
			isa = XCBuildConfiguration;
			buildSettings = {
				ALWAYS_SEARCH_USER_PATHS = NO;
				APP_VERSION = 1.0;
				CLANG_ANALYZER_NONNULL = YES;
				CLANG_ANALYZER_NUMBER_OBJECT_CONVERSION = YES_AGGRESSIVE;
				CLANG_CXX_LANGUAGE_STANDARD = "gnu++14";
				CLANG_CXX_LIBRARY = "libc++";
				CLANG_ENABLE_MODULES = YES;
				CLANG_ENABLE_OBJC_ARC = YES;
				CLANG_ENABLE_OBJC_WEAK = YES;
				CLANG_WARN_BLOCK_CAPTURE_AUTORELEASING = YES;
				CLANG_WARN_BOOL_CONVERSION = YES;
				CLANG_WARN_COMMA = YES;
				CLANG_WARN_CONSTANT_CONVERSION = YES;
				CLANG_WARN_DEPRECATED_OBJC_IMPLEMENTATIONS = YES;
				CLANG_WARN_DIRECT_OBJC_ISA_USAGE = YES_ERROR;
				CLANG_WARN_DOCUMENTATION_COMMENTS = YES;
				CLANG_WARN_EMPTY_BODY = YES;
				CLANG_WARN_ENUM_CONVERSION = YES;
				CLANG_WARN_INFINITE_RECURSION = YES;
				CLANG_WARN_INT_CONVERSION = YES;
				CLANG_WARN_NON_LITERAL_NULL_CONVERSION = YES;
				CLANG_WARN_OBJC_IMPLICIT_RETAIN_SELF = YES;
				CLANG_WARN_OBJC_LITERAL_CONVERSION = YES;
				CLANG_WARN_OBJC_ROOT_CLASS = YES_ERROR;
				CLANG_WARN_RANGE_LOOP_ANALYSIS = YES;
				CLANG_WARN_STRICT_PROTOTYPES = YES;
				CLANG_WARN_SUSPICIOUS_MOVE = YES;
				CLANG_WARN_UNGUARDED_AVAILABILITY = YES_AGGRESSIVE;
				CLANG_WARN_UNREACHABLE_CODE = YES;
				CLANG_WARN__DUPLICATE_METHOD_MATCH = YES;
				CODE_SIGN_IDENTITY = "iPhone Developer";
				COPY_PHASE_STRIP = NO;
				DEBUG_INFORMATION_FORMAT = "dwarf-with-dsym";
				ENABLE_NS_ASSERTIONS = NO;
				ENABLE_STRICT_OBJC_MSGSEND = YES;
				ENVIRONMENT_DIR = "$(PROJECT_DIR)/Environment";
				GCC_C_LANGUAGE_STANDARD = gnu11;
				GCC_NO_COMMON_BLOCKS = YES;
				GCC_WARN_64_TO_32_BIT_CONVERSION = YES;
				GCC_WARN_ABOUT_RETURN_TYPE = YES_ERROR;
				GCC_WARN_UNDECLARED_SELECTOR = YES;
				GCC_WARN_UNINITIALIZED_AUTOS = YES_AGGRESSIVE;
				GCC_WARN_UNUSED_FUNCTION = YES;
				GCC_WARN_UNUSED_VARIABLE = YES;
				IPHONEOS_DEPLOYMENT_TARGET = 12.0;
				MTL_ENABLE_DEBUG_INFO = NO;
				MTL_FAST_MATH = YES;
				SDKROOT = iphoneos;
				SWIFT_COMPILATION_MODE = wholemodule;
				SWIFT_OPTIMIZATION_LEVEL = "-O";
				VALIDATE_PRODUCT = YES;
			};
			name = Beta;
		};
		C212BC78224FD0ED00C624A7 /* Beta */ = {
			isa = XCBuildConfiguration;
			baseConfigurationReference = CD5853AE2A03E0C9B6969ED1 /* Pods-moviego-ios.beta.xcconfig */;
			buildSettings = {
				APP_NAME = "MovieGo Beta";
				ASSETCATALOG_COMPILER_APPICON_NAME = AppIcon;
				CODE_SIGN_STYLE = Automatic;
				DEVELOPMENT_TEAM = P88J5J9T9W;
				FRAMEWORK_SEARCH_PATHS = (
					"$(inherited)",
					"$(PROJECT_DIR)/Carthage/Build/iOS",
				);
				INFOPLIST_FILE = Environment/Info.plist;
				IPHONEOS_DEPLOYMENT_TARGET = 12.0;
				LD_RUNPATH_SEARCH_PATHS = (
					"$(inherited)",
					"@executable_path/Frameworks",
				);
				PRODUCT_BUNDLE_IDENTIFIER = "me.gorbuvla.moviego-ios.beta";
				PRODUCT_NAME = "$(TARGET_NAME)";
				SWIFT_VERSION = 5.0;
				TARGETED_DEVICE_FAMILY = "1,2";
			};
			name = Beta;
		};
		C212BC7A224FD0ED00C624A7 /* Beta */ = {
			isa = XCBuildConfiguration;
			buildSettings = {
				BUNDLE_LOADER = "$(TEST_HOST)";
				CODE_SIGN_STYLE = Automatic;
				DEVELOPMENT_TEAM = P88J5J9T9W;
				INFOPLIST_FILE = UnitTests/Info.plist;
				LD_RUNPATH_SEARCH_PATHS = (
					"$(inherited)",
					"@executable_path/Frameworks",
					"@loader_path/Frameworks",
				);
				PRODUCT_BUNDLE_IDENTIFIER = me.gorbuvla.UnitTests;
				PRODUCT_NAME = "$(TARGET_NAME)";
				SWIFT_VERSION = 5.0;
				TARGETED_DEVICE_FAMILY = "1,2";
				TEST_HOST = "$(BUILT_PRODUCTS_DIR)/moviego-ios.app/moviego-ios";
			};
			name = Beta;
		};
		C267FFB6229AB3F1004BC1EE /* Debug */ = {
			isa = XCBuildConfiguration;
			buildSettings = {
				CODE_SIGN_STYLE = Automatic;
				DEVELOPMENT_TEAM = P88J5J9T9W;
				PRODUCT_NAME = "$(TARGET_NAME)";
			};
			name = Debug;
		};
		C267FFB7229AB3F1004BC1EE /* Release */ = {
			isa = XCBuildConfiguration;
			buildSettings = {
				CODE_SIGN_STYLE = Automatic;
				DEVELOPMENT_TEAM = P88J5J9T9W;
				PRODUCT_NAME = "$(TARGET_NAME)";
			};
			name = Release;
		};
		C267FFB8229AB3F1004BC1EE /* Beta */ = {
			isa = XCBuildConfiguration;
			buildSettings = {
				CODE_SIGN_STYLE = Automatic;
				DEVELOPMENT_TEAM = P88J5J9T9W;
				PRODUCT_NAME = "$(TARGET_NAME)";
			};
			name = Beta;
		};
/* End XCBuildConfiguration section */

/* Begin XCConfigurationList section */
		C212BC3C224FBB2000C624A7 /* Build configuration list for PBXProject "moviego-ios" */ = {
			isa = XCConfigurationList;
			buildConfigurations = (
				C212BC5C224FBB2200C624A7 /* Debug */,
				C212BC5D224FBB2200C624A7 /* Release */,
				C212BC77224FD0ED00C624A7 /* Beta */,
			);
			defaultConfigurationIsVisible = 0;
			defaultConfigurationName = Beta;
		};
		C212BC5E224FBB2200C624A7 /* Build configuration list for PBXNativeTarget "moviego-ios" */ = {
			isa = XCConfigurationList;
			buildConfigurations = (
				C212BC5F224FBB2200C624A7 /* Debug */,
				C212BC60224FBB2200C624A7 /* Release */,
				C212BC78224FD0ED00C624A7 /* Beta */,
			);
			defaultConfigurationIsVisible = 0;
			defaultConfigurationName = Beta;
		};
		C212BC74224FC4C100C624A7 /* Build configuration list for PBXNativeTarget "UnitTests" */ = {
			isa = XCConfigurationList;
			buildConfigurations = (
				C212BC75224FC4C100C624A7 /* Debug */,
				C212BC76224FC4C100C624A7 /* Release */,
				C212BC7A224FD0ED00C624A7 /* Beta */,
			);
			defaultConfigurationIsVisible = 0;
			defaultConfigurationName = Beta;
		};
		C267FFB5229AB3F1004BC1EE /* Build configuration list for PBXAggregateTarget "Localization" */ = {
			isa = XCConfigurationList;
			buildConfigurations = (
				C267FFB6229AB3F1004BC1EE /* Debug */,
				C267FFB7229AB3F1004BC1EE /* Release */,
				C267FFB8229AB3F1004BC1EE /* Beta */,
			);
			defaultConfigurationIsVisible = 0;
			defaultConfigurationName = Beta;
		};
/* End XCConfigurationList section */
	};
	rootObject = C212BC39224FBB2000C624A7 /* Project object */;
}
